// !$*UTF8*$!
{
	archiveVersion = 1;
	classes = {
	};
	objectVersion = 56;
	objects = {

/* Begin PBXBuildFile section */
		933A6AA42B6E0BF2004DE491 /* ContentRow.swift in Sources */ = {isa = PBXBuildFile; fileRef = 933A6AA32B6E0BF2004DE491 /* ContentRow.swift */; };
		933A6AA72B70251B004DE491 /* Apollo in Frameworks */ = {isa = PBXBuildFile; productRef = 933A6AA62B70251B004DE491 /* Apollo */; };
		933A6AAB2B703690004DE491 /* queries.graphql in Resources */ = {isa = PBXBuildFile; fileRef = 933A6AAA2B703690004DE491 /* queries.graphql */; };
		933A6AC02B704715004DE491 /* ApolloClient.swift in Sources */ = {isa = PBXBuildFile; fileRef = 933A6ABF2B704715004DE491 /* ApolloClient.swift */; };
		933E5DE22B707DA000A83602 /* MovieFragment.graphql.swift in Sources */ = {isa = PBXBuildFile; fileRef = 933E5DD42B707DA000A83602 /* MovieFragment.graphql.swift */; };
		933E5DE32B707DA000A83602 /* CutGraphQL.graphql.swift in Sources */ = {isa = PBXBuildFile; fileRef = 933E5DD52B707DA000A83602 /* CutGraphQL.graphql.swift */; };
		933E5DE42B707DA000A83602 /* ExampleQuery.graphql.swift in Sources */ = {isa = PBXBuildFile; fileRef = 933E5DD82B707DA000A83602 /* ExampleQuery.graphql.swift */; };
		933E5DE52B707DA000A83602 /* MovieMetadata.graphql.swift in Sources */ = {isa = PBXBuildFile; fileRef = 933E5DDB2B707DA000A83602 /* MovieMetadata.graphql.swift */; };
		933E5DE62B707DA000A83602 /* Movie.graphql.swift in Sources */ = {isa = PBXBuildFile; fileRef = 933E5DDC2B707DA000A83602 /* Movie.graphql.swift */; };
		933E5DE72B707DA000A83602 /* Query.graphql.swift in Sources */ = {isa = PBXBuildFile; fileRef = 933E5DDD2B707DA000A83602 /* Query.graphql.swift */; };
		933E5DE82B707DA000A83602 /* Genre.graphql.swift in Sources */ = {isa = PBXBuildFile; fileRef = 933E5DDE2B707DA000A83602 /* Genre.graphql.swift */; };
		933E5DE92B707DA000A83602 /* GenreMetadata.graphql.swift in Sources */ = {isa = PBXBuildFile; fileRef = 933E5DDF2B707DA000A83602 /* GenreMetadata.graphql.swift */; };
		933E5DEA2B707DA000A83602 /* SchemaConfiguration.swift in Sources */ = {isa = PBXBuildFile; fileRef = 933E5DE02B707DA000A83602 /* SchemaConfiguration.swift */; };
		933E5DEB2B707DA000A83602 /* SchemaMetadata.graphql.swift in Sources */ = {isa = PBXBuildFile; fileRef = 933E5DE12B707DA000A83602 /* SchemaMetadata.graphql.swift */; };
		933E5DEE2B707E7500A83602 /* Kingfisher in Frameworks */ = {isa = PBXBuildFile; productRef = 933E5DED2B707E7500A83602 /* Kingfisher */; };
		933E5DF62B76DF4D00A83602 /* MarkdownUI in Frameworks */ = {isa = PBXBuildFile; productRef = 933E5DF52B76DF4D00A83602 /* MarkdownUI */; };
		933E5DF92B76E19300A83602 /* Changelog.swift in Sources */ = {isa = PBXBuildFile; fileRef = 933E5DF82B76E19300A83602 /* Changelog.swift */; };
		933E5DFA2B76E24400A83602 /* CHANGELOG.md in Resources */ = {isa = PBXBuildFile; fileRef = 933E5DF72B76E17300A83602 /* CHANGELOG.md */; };
		93898E502B6E0A970001D68F /* CutApp.swift in Sources */ = {isa = PBXBuildFile; fileRef = 93898E4F2B6E0A970001D68F /* CutApp.swift */; };
		93898E522B6E0A970001D68F /* ContentView.swift in Sources */ = {isa = PBXBuildFile; fileRef = 93898E512B6E0A970001D68F /* ContentView.swift */; };
		93898E542B6E0A980001D68F /* Assets.xcassets in Resources */ = {isa = PBXBuildFile; fileRef = 93898E532B6E0A980001D68F /* Assets.xcassets */; };
		93898E572B6E0A980001D68F /* Preview Assets.xcassets in Resources */ = {isa = PBXBuildFile; fileRef = 93898E562B6E0A980001D68F /* Preview Assets.xcassets */; };
		93898E612B6E0A990001D68F /* CutTests.swift in Sources */ = {isa = PBXBuildFile; fileRef = 93898E602B6E0A990001D68F /* CutTests.swift */; };
		93898E6B2B6E0A990001D68F /* CutUITests.swift in Sources */ = {isa = PBXBuildFile; fileRef = 93898E6A2B6E0A990001D68F /* CutUITests.swift */; };
		93898E6D2B6E0A990001D68F /* CutUITestsLaunchTests.swift in Sources */ = {isa = PBXBuildFile; fileRef = 93898E6C2B6E0A990001D68F /* CutUITestsLaunchTests.swift */; };
/* End PBXBuildFile section */

/* Begin PBXContainerItemProxy section */
		93898E5D2B6E0A990001D68F /* PBXContainerItemProxy */ = {
			isa = PBXContainerItemProxy;
			containerPortal = 93898E442B6E0A970001D68F /* Project object */;
			proxyType = 1;
			remoteGlobalIDString = 93898E4B2B6E0A970001D68F;
			remoteInfo = Cut;
		};
		93898E672B6E0A990001D68F /* PBXContainerItemProxy */ = {
			isa = PBXContainerItemProxy;
			containerPortal = 93898E442B6E0A970001D68F /* Project object */;
			proxyType = 1;
			remoteGlobalIDString = 93898E4B2B6E0A970001D68F;
			remoteInfo = Cut;
		};
/* End PBXContainerItemProxy section */

/* Begin PBXFileReference section */
		933A6AA32B6E0BF2004DE491 /* ContentRow.swift */ = {isa = PBXFileReference; lastKnownFileType = sourcecode.swift; path = ContentRow.swift; sourceTree = "<group>"; };
		933A6AA82B702CFA004DE491 /* apollo-codegen-config.json */ = {isa = PBXFileReference; lastKnownFileType = text.json; path = "apollo-codegen-config.json"; sourceTree = "<group>"; };
		933A6AAA2B703690004DE491 /* queries.graphql */ = {isa = PBXFileReference; indentWidth = 2; lastKnownFileType = text; path = queries.graphql; sourceTree = "<group>"; tabWidth = 2; };
		933A6ABF2B704715004DE491 /* ApolloClient.swift */ = {isa = PBXFileReference; lastKnownFileType = sourcecode.swift; path = ApolloClient.swift; sourceTree = "<group>"; };
		933E5DD42B707DA000A83602 /* MovieFragment.graphql.swift */ = {isa = PBXFileReference; fileEncoding = 4; lastKnownFileType = sourcecode.swift; path = MovieFragment.graphql.swift; sourceTree = "<group>"; };
		933E5DD52B707DA000A83602 /* CutGraphQL.graphql.swift */ = {isa = PBXFileReference; fileEncoding = 4; lastKnownFileType = sourcecode.swift; path = CutGraphQL.graphql.swift; sourceTree = "<group>"; };
		933E5DD82B707DA000A83602 /* ExampleQuery.graphql.swift */ = {isa = PBXFileReference; fileEncoding = 4; lastKnownFileType = sourcecode.swift; path = ExampleQuery.graphql.swift; sourceTree = "<group>"; };
		933E5DDB2B707DA000A83602 /* MovieMetadata.graphql.swift */ = {isa = PBXFileReference; fileEncoding = 4; lastKnownFileType = sourcecode.swift; path = MovieMetadata.graphql.swift; sourceTree = "<group>"; };
		933E5DDC2B707DA000A83602 /* Movie.graphql.swift */ = {isa = PBXFileReference; fileEncoding = 4; lastKnownFileType = sourcecode.swift; path = Movie.graphql.swift; sourceTree = "<group>"; };
		933E5DDD2B707DA000A83602 /* Query.graphql.swift */ = {isa = PBXFileReference; fileEncoding = 4; lastKnownFileType = sourcecode.swift; path = Query.graphql.swift; sourceTree = "<group>"; };
		933E5DDE2B707DA000A83602 /* Genre.graphql.swift */ = {isa = PBXFileReference; fileEncoding = 4; lastKnownFileType = sourcecode.swift; path = Genre.graphql.swift; sourceTree = "<group>"; };
		933E5DDF2B707DA000A83602 /* GenreMetadata.graphql.swift */ = {isa = PBXFileReference; fileEncoding = 4; lastKnownFileType = sourcecode.swift; path = GenreMetadata.graphql.swift; sourceTree = "<group>"; };
		933E5DE02B707DA000A83602 /* SchemaConfiguration.swift */ = {isa = PBXFileReference; fileEncoding = 4; lastKnownFileType = sourcecode.swift; path = SchemaConfiguration.swift; sourceTree = "<group>"; };
		933E5DE12B707DA000A83602 /* SchemaMetadata.graphql.swift */ = {isa = PBXFileReference; fileEncoding = 4; lastKnownFileType = sourcecode.swift; path = SchemaMetadata.graphql.swift; sourceTree = "<group>"; };
		933E5DF72B76E17300A83602 /* CHANGELOG.md */ = {isa = PBXFileReference; lastKnownFileType = net.daringfireball.markdown; path = CHANGELOG.md; sourceTree = "<group>"; };
		933E5DF82B76E19300A83602 /* Changelog.swift */ = {isa = PBXFileReference; lastKnownFileType = sourcecode.swift; path = Changelog.swift; sourceTree = "<group>"; };
		93898E4C2B6E0A970001D68F /* Cut.app */ = {isa = PBXFileReference; explicitFileType = wrapper.application; includeInIndex = 0; path = Cut.app; sourceTree = BUILT_PRODUCTS_DIR; };
		93898E4F2B6E0A970001D68F /* CutApp.swift */ = {isa = PBXFileReference; lastKnownFileType = sourcecode.swift; path = CutApp.swift; sourceTree = "<group>"; };
		93898E512B6E0A970001D68F /* ContentView.swift */ = {isa = PBXFileReference; lastKnownFileType = sourcecode.swift; path = ContentView.swift; sourceTree = "<group>"; };
		93898E532B6E0A980001D68F /* Assets.xcassets */ = {isa = PBXFileReference; lastKnownFileType = folder.assetcatalog; path = Assets.xcassets; sourceTree = "<group>"; };
		93898E562B6E0A980001D68F /* Preview Assets.xcassets */ = {isa = PBXFileReference; lastKnownFileType = folder.assetcatalog; path = "Preview Assets.xcassets"; sourceTree = "<group>"; };
		93898E5C2B6E0A990001D68F /* CutTests.xctest */ = {isa = PBXFileReference; explicitFileType = wrapper.cfbundle; includeInIndex = 0; path = CutTests.xctest; sourceTree = BUILT_PRODUCTS_DIR; };
		93898E602B6E0A990001D68F /* CutTests.swift */ = {isa = PBXFileReference; lastKnownFileType = sourcecode.swift; path = CutTests.swift; sourceTree = "<group>"; };
		93898E662B6E0A990001D68F /* CutUITests.xctest */ = {isa = PBXFileReference; explicitFileType = wrapper.cfbundle; includeInIndex = 0; path = CutUITests.xctest; sourceTree = BUILT_PRODUCTS_DIR; };
		93898E6A2B6E0A990001D68F /* CutUITests.swift */ = {isa = PBXFileReference; lastKnownFileType = sourcecode.swift; path = CutUITests.swift; sourceTree = "<group>"; };
		93898E6C2B6E0A990001D68F /* CutUITestsLaunchTests.swift */ = {isa = PBXFileReference; lastKnownFileType = sourcecode.swift; path = CutUITestsLaunchTests.swift; sourceTree = "<group>"; };
/* End PBXFileReference section */

/* Begin PBXFrameworksBuildPhase section */
		93898E492B6E0A970001D68F /* Frameworks */ = {
			isa = PBXFrameworksBuildPhase;
			buildActionMask = 2147483647;
			files = (
				933E5DF62B76DF4D00A83602 /* MarkdownUI in Frameworks */,
				933E5DEE2B707E7500A83602 /* Kingfisher in Frameworks */,
				933A6AA72B70251B004DE491 /* Apollo in Frameworks */,
			);
			runOnlyForDeploymentPostprocessing = 0;
		};
		93898E592B6E0A990001D68F /* Frameworks */ = {
			isa = PBXFrameworksBuildPhase;
			buildActionMask = 2147483647;
			files = (
			);
			runOnlyForDeploymentPostprocessing = 0;
		};
		93898E632B6E0A990001D68F /* Frameworks */ = {
			isa = PBXFrameworksBuildPhase;
			buildActionMask = 2147483647;
			files = (
			);
			runOnlyForDeploymentPostprocessing = 0;
		};
/* End PBXFrameworksBuildPhase section */

/* Begin PBXGroup section */
		933A6AA92B702DBB004DE491 /* graphql */ = {
			isa = PBXGroup;
			children = (
				933E5DD22B707DA000A83602 /* __generated__ */,
				933A6AA82B702CFA004DE491 /* apollo-codegen-config.json */,
				933A6AAA2B703690004DE491 /* queries.graphql */,
				933A6ABF2B704715004DE491 /* ApolloClient.swift */,
			);
			path = graphql;
			sourceTree = "<group>";
		};
		933A6AD82B7073F0004DE491 /* Frameworks */ = {
			isa = PBXGroup;
			children = (
			);
			name = Frameworks;
			sourceTree = "<group>";
		};
		933E5DD22B707DA000A83602 /* __generated__ */ = {
			isa = PBXGroup;
			children = (
				933E5DD32B707DA000A83602 /* Fragments */,
				933E5DD52B707DA000A83602 /* CutGraphQL.graphql.swift */,
				933E5DD62B707DA000A83602 /* Operations */,
				933E5DD92B707DA000A83602 /* Schema */,
			);
			path = __generated__;
			sourceTree = "<group>";
		};
		933E5DD32B707DA000A83602 /* Fragments */ = {
			isa = PBXGroup;
			children = (
				933E5DD42B707DA000A83602 /* MovieFragment.graphql.swift */,
			);
			path = Fragments;
			sourceTree = "<group>";
		};
		933E5DD62B707DA000A83602 /* Operations */ = {
			isa = PBXGroup;
			children = (
				933E5DD72B707DA000A83602 /* Queries */,
			);
			path = Operations;
			sourceTree = "<group>";
		};
		933E5DD72B707DA000A83602 /* Queries */ = {
			isa = PBXGroup;
			children = (
				933E5DD82B707DA000A83602 /* ExampleQuery.graphql.swift */,
			);
			path = Queries;
			sourceTree = "<group>";
		};
		933E5DD92B707DA000A83602 /* Schema */ = {
			isa = PBXGroup;
			children = (
				933E5DDA2B707DA000A83602 /* Objects */,
				933E5DE02B707DA000A83602 /* SchemaConfiguration.swift */,
				933E5DE12B707DA000A83602 /* SchemaMetadata.graphql.swift */,
			);
			path = Schema;
			sourceTree = "<group>";
		};
		933E5DDA2B707DA000A83602 /* Objects */ = {
			isa = PBXGroup;
			children = (
				933E5DDB2B707DA000A83602 /* MovieMetadata.graphql.swift */,
				933E5DDC2B707DA000A83602 /* Movie.graphql.swift */,
				933E5DDD2B707DA000A83602 /* Query.graphql.swift */,
				933E5DDE2B707DA000A83602 /* Genre.graphql.swift */,
				933E5DDF2B707DA000A83602 /* GenreMetadata.graphql.swift */,
			);
			path = Objects;
			sourceTree = "<group>";
		};
		933E5DFB2B76E7C500A83602 /* Resources */ = {
			isa = PBXGroup;
			children = (
				933E5DF72B76E17300A83602 /* CHANGELOG.md */,
				93898E532B6E0A980001D68F /* Assets.xcassets */,
			);
			path = Resources;
			sourceTree = "<group>";
		};
		93898E432B6E0A970001D68F = {
			isa = PBXGroup;
			children = (
				93898E4E2B6E0A970001D68F /* Cut */,
				93898E5F2B6E0A990001D68F /* CutTests */,
				93898E692B6E0A990001D68F /* CutUITests */,
				93898E4D2B6E0A970001D68F /* Products */,
				933A6AD82B7073F0004DE491 /* Frameworks */,
			);
			sourceTree = "<group>";
		};
		93898E4D2B6E0A970001D68F /* Products */ = {
			isa = PBXGroup;
			children = (
				93898E4C2B6E0A970001D68F /* Cut.app */,
				93898E5C2B6E0A990001D68F /* CutTests.xctest */,
				93898E662B6E0A990001D68F /* CutUITests.xctest */,
			);
			name = Products;
			sourceTree = "<group>";
		};
		93898E4E2B6E0A970001D68F /* Cut */ = {
			isa = PBXGroup;
			children = (
				93898E4F2B6E0A970001D68F /* CutApp.swift */,
				93898E512B6E0A970001D68F /* ContentView.swift */,
				933A6AA32B6E0BF2004DE491 /* ContentRow.swift */,
				933E5DF82B76E19300A83602 /* Changelog.swift */,
				933A6AA92B702DBB004DE491 /* graphql */,
				933E5DFB2B76E7C500A83602 /* Resources */,
				93898E552B6E0A980001D68F /* Preview Content */,
			);
			path = Cut;
			sourceTree = "<group>";
		};
		93898E552B6E0A980001D68F /* Preview Content */ = {
			isa = PBXGroup;
			children = (
				93898E562B6E0A980001D68F /* Preview Assets.xcassets */,
			);
			path = "Preview Content";
			sourceTree = "<group>";
		};
		93898E5F2B6E0A990001D68F /* CutTests */ = {
			isa = PBXGroup;
			children = (
				93898E602B6E0A990001D68F /* CutTests.swift */,
			);
			path = CutTests;
			sourceTree = "<group>";
		};
		93898E692B6E0A990001D68F /* CutUITests */ = {
			isa = PBXGroup;
			children = (
				93898E6A2B6E0A990001D68F /* CutUITests.swift */,
				93898E6C2B6E0A990001D68F /* CutUITestsLaunchTests.swift */,
			);
			path = CutUITests;
			sourceTree = "<group>";
		};
/* End PBXGroup section */

/* Begin PBXNativeTarget section */
		93898E4B2B6E0A970001D68F /* Cut */ = {
			isa = PBXNativeTarget;
			buildConfigurationList = 93898E702B6E0A990001D68F /* Build configuration list for PBXNativeTarget "Cut" */;
			buildPhases = (
				93898E482B6E0A970001D68F /* Sources */,
				93898E492B6E0A970001D68F /* Frameworks */,
				93898E4A2B6E0A970001D68F /* Resources */,
			);
			buildRules = (
			);
			dependencies = (
			);
			name = Cut;
			packageProductDependencies = (
				933A6AA62B70251B004DE491 /* Apollo */,
				933E5DED2B707E7500A83602 /* Kingfisher */,
				933E5DF52B76DF4D00A83602 /* MarkdownUI */,
			);
			productName = Cut;
			productReference = 93898E4C2B6E0A970001D68F /* Cut.app */;
			productType = "com.apple.product-type.application";
		};
		93898E5B2B6E0A990001D68F /* CutTests */ = {
			isa = PBXNativeTarget;
			buildConfigurationList = 93898E732B6E0A990001D68F /* Build configuration list for PBXNativeTarget "CutTests" */;
			buildPhases = (
				93898E582B6E0A990001D68F /* Sources */,
				93898E592B6E0A990001D68F /* Frameworks */,
				93898E5A2B6E0A990001D68F /* Resources */,
			);
			buildRules = (
			);
			dependencies = (
				93898E5E2B6E0A990001D68F /* PBXTargetDependency */,
			);
			name = CutTests;
			productName = CutTests;
			productReference = 93898E5C2B6E0A990001D68F /* CutTests.xctest */;
			productType = "com.apple.product-type.bundle.unit-test";
		};
		93898E652B6E0A990001D68F /* CutUITests */ = {
			isa = PBXNativeTarget;
			buildConfigurationList = 93898E762B6E0A990001D68F /* Build configuration list for PBXNativeTarget "CutUITests" */;
			buildPhases = (
				93898E622B6E0A990001D68F /* Sources */,
				93898E632B6E0A990001D68F /* Frameworks */,
				93898E642B6E0A990001D68F /* Resources */,
			);
			buildRules = (
			);
			dependencies = (
				93898E682B6E0A990001D68F /* PBXTargetDependency */,
			);
			name = CutUITests;
			productName = CutUITests;
			productReference = 93898E662B6E0A990001D68F /* CutUITests.xctest */;
			productType = "com.apple.product-type.bundle.ui-testing";
		};
/* End PBXNativeTarget section */

/* Begin PBXProject section */
		93898E442B6E0A970001D68F /* Project object */ = {
			isa = PBXProject;
			attributes = {
				BuildIndependentTargetsInParallel = 1;
				LastSwiftUpdateCheck = 1500;
				LastUpgradeCheck = 1500;
				TargetAttributes = {
					93898E4B2B6E0A970001D68F = {
						CreatedOnToolsVersion = 15.0;
					};
					93898E5B2B6E0A990001D68F = {
						CreatedOnToolsVersion = 15.0;
						TestTargetID = 93898E4B2B6E0A970001D68F;
					};
					93898E652B6E0A990001D68F = {
						CreatedOnToolsVersion = 15.0;
						TestTargetID = 93898E4B2B6E0A970001D68F;
					};
				};
			};
			buildConfigurationList = 93898E472B6E0A970001D68F /* Build configuration list for PBXProject "Cut" */;
			compatibilityVersion = "Xcode 14.0";
			developmentRegion = en;
			hasScannedForEncodings = 0;
			knownRegions = (
				en,
				Base,
			);
			mainGroup = 93898E432B6E0A970001D68F;
			packageReferences = (
				933A6AA52B70251B004DE491 /* XCRemoteSwiftPackageReference "apollo-ios" */,
				933E5DEC2B707E7500A83602 /* XCRemoteSwiftPackageReference "Kingfisher" */,
				933E5DF42B76DF4D00A83602 /* XCRemoteSwiftPackageReference "swift-markdown-ui" */,
			);
			productRefGroup = 93898E4D2B6E0A970001D68F /* Products */;
			projectDirPath = "";
			projectRoot = "";
			targets = (
				93898E4B2B6E0A970001D68F /* Cut */,
				93898E5B2B6E0A990001D68F /* CutTests */,
				93898E652B6E0A990001D68F /* CutUITests */,
			);
		};
/* End PBXProject section */

/* Begin PBXResourcesBuildPhase section */
		93898E4A2B6E0A970001D68F /* Resources */ = {
			isa = PBXResourcesBuildPhase;
			buildActionMask = 2147483647;
			files = (
				93898E572B6E0A980001D68F /* Preview Assets.xcassets in Resources */,
				933A6AAB2B703690004DE491 /* queries.graphql in Resources */,
				93898E542B6E0A980001D68F /* Assets.xcassets in Resources */,
				933E5DFA2B76E24400A83602 /* CHANGELOG.md in Resources */,
			);
			runOnlyForDeploymentPostprocessing = 0;
		};
		93898E5A2B6E0A990001D68F /* Resources */ = {
			isa = PBXResourcesBuildPhase;
			buildActionMask = 2147483647;
			files = (
			);
			runOnlyForDeploymentPostprocessing = 0;
		};
		93898E642B6E0A990001D68F /* Resources */ = {
			isa = PBXResourcesBuildPhase;
			buildActionMask = 2147483647;
			files = (
			);
			runOnlyForDeploymentPostprocessing = 0;
		};
/* End PBXResourcesBuildPhase section */

/* Begin PBXSourcesBuildPhase section */
		93898E482B6E0A970001D68F /* Sources */ = {
			isa = PBXSourcesBuildPhase;
			buildActionMask = 2147483647;
			files = (
				93898E522B6E0A970001D68F /* ContentView.swift in Sources */,
				933E5DE32B707DA000A83602 /* CutGraphQL.graphql.swift in Sources */,
				933E5DF92B76E19300A83602 /* Changelog.swift in Sources */,
				933E5DEB2B707DA000A83602 /* SchemaMetadata.graphql.swift in Sources */,
				933A6AA42B6E0BF2004DE491 /* ContentRow.swift in Sources */,
				93898E502B6E0A970001D68F /* CutApp.swift in Sources */,
				933E5DE52B707DA000A83602 /* MovieMetadata.graphql.swift in Sources */,
				933E5DE62B707DA000A83602 /* Movie.graphql.swift in Sources */,
				933A6AC02B704715004DE491 /* ApolloClient.swift in Sources */,
				933E5DEA2B707DA000A83602 /* SchemaConfiguration.swift in Sources */,
				933E5DE72B707DA000A83602 /* Query.graphql.swift in Sources */,
				933E5DE22B707DA000A83602 /* MovieFragment.graphql.swift in Sources */,
				933E5DE92B707DA000A83602 /* GenreMetadata.graphql.swift in Sources */,
				933E5DE42B707DA000A83602 /* ExampleQuery.graphql.swift in Sources */,
				933E5DE82B707DA000A83602 /* Genre.graphql.swift in Sources */,
			);
			runOnlyForDeploymentPostprocessing = 0;
		};
		93898E582B6E0A990001D68F /* Sources */ = {
			isa = PBXSourcesBuildPhase;
			buildActionMask = 2147483647;
			files = (
				93898E612B6E0A990001D68F /* CutTests.swift in Sources */,
			);
			runOnlyForDeploymentPostprocessing = 0;
		};
		93898E622B6E0A990001D68F /* Sources */ = {
			isa = PBXSourcesBuildPhase;
			buildActionMask = 2147483647;
			files = (
				93898E6B2B6E0A990001D68F /* CutUITests.swift in Sources */,
				93898E6D2B6E0A990001D68F /* CutUITestsLaunchTests.swift in Sources */,
			);
			runOnlyForDeploymentPostprocessing = 0;
		};
/* End PBXSourcesBuildPhase section */

/* Begin PBXTargetDependency section */
		93898E5E2B6E0A990001D68F /* PBXTargetDependency */ = {
			isa = PBXTargetDependency;
			target = 93898E4B2B6E0A970001D68F /* Cut */;
			targetProxy = 93898E5D2B6E0A990001D68F /* PBXContainerItemProxy */;
		};
		93898E682B6E0A990001D68F /* PBXTargetDependency */ = {
			isa = PBXTargetDependency;
			target = 93898E4B2B6E0A970001D68F /* Cut */;
			targetProxy = 93898E672B6E0A990001D68F /* PBXContainerItemProxy */;
		};
/* End PBXTargetDependency section */

/* Begin XCBuildConfiguration section */
		933E5DF02B71B0F300A83602 /* Debug - Prod */ = {
			isa = XCBuildConfiguration;
			buildSettings = {
				ALWAYS_SEARCH_USER_PATHS = NO;
				ASSETCATALOG_COMPILER_GENERATE_SWIFT_ASSET_SYMBOL_EXTENSIONS = YES;
				CLANG_ANALYZER_NONNULL = YES;
				CLANG_ANALYZER_NUMBER_OBJECT_CONVERSION = YES_AGGRESSIVE;
				CLANG_CXX_LANGUAGE_STANDARD = "gnu++20";
				CLANG_ENABLE_MODULES = YES;
				CLANG_ENABLE_OBJC_ARC = YES;
				CLANG_ENABLE_OBJC_WEAK = YES;
				CLANG_WARN_BLOCK_CAPTURE_AUTORELEASING = YES;
				CLANG_WARN_BOOL_CONVERSION = YES;
				CLANG_WARN_COMMA = YES;
				CLANG_WARN_CONSTANT_CONVERSION = YES;
				CLANG_WARN_DEPRECATED_OBJC_IMPLEMENTATIONS = YES;
				CLANG_WARN_DIRECT_OBJC_ISA_USAGE = YES_ERROR;
				CLANG_WARN_DOCUMENTATION_COMMENTS = YES;
				CLANG_WARN_EMPTY_BODY = YES;
				CLANG_WARN_ENUM_CONVERSION = YES;
				CLANG_WARN_INFINITE_RECURSION = YES;
				CLANG_WARN_INT_CONVERSION = YES;
				CLANG_WARN_NON_LITERAL_NULL_CONVERSION = YES;
				CLANG_WARN_OBJC_IMPLICIT_RETAIN_SELF = YES;
				CLANG_WARN_OBJC_LITERAL_CONVERSION = YES;
				CLANG_WARN_OBJC_ROOT_CLASS = YES_ERROR;
				CLANG_WARN_QUOTED_INCLUDE_IN_FRAMEWORK_HEADER = YES;
				CLANG_WARN_RANGE_LOOP_ANALYSIS = YES;
				CLANG_WARN_STRICT_PROTOTYPES = YES;
				CLANG_WARN_SUSPICIOUS_MOVE = YES;
				CLANG_WARN_UNGUARDED_AVAILABILITY = YES_AGGRESSIVE;
				CLANG_WARN_UNREACHABLE_CODE = YES;
				CLANG_WARN__DUPLICATE_METHOD_MATCH = YES;
				CODE_SIGN_IDENTITY = "Apple Development: Kyle Satti (58XTJ49PSQ)";
				COPY_PHASE_STRIP = NO;
				CURRENT_PROJECT_VERSION = 1;
				DEBUG_INFORMATION_FORMAT = dwarf;
				DEVELOPMENT_TEAM = X2TBSUCASC;
				ENABLE_STRICT_OBJC_MSGSEND = YES;
				ENABLE_TESTABILITY = YES;
				ENABLE_USER_SCRIPT_SANDBOXING = YES;
				GCC_C_LANGUAGE_STANDARD = gnu17;
				GCC_DYNAMIC_NO_PIC = NO;
				GCC_NO_COMMON_BLOCKS = YES;
				GCC_OPTIMIZATION_LEVEL = 0;
				GCC_PREPROCESSOR_DEFINITIONS = (
					"DEBUG=1",
					"$(inherited)",
				);
				GCC_WARN_64_TO_32_BIT_CONVERSION = YES;
				GCC_WARN_ABOUT_RETURN_TYPE = YES_ERROR;
				GCC_WARN_UNDECLARED_SELECTOR = YES;
				GCC_WARN_UNINITIALIZED_AUTOS = YES_AGGRESSIVE;
				GCC_WARN_UNUSED_FUNCTION = YES;
				GCC_WARN_UNUSED_VARIABLE = YES;
				IPHONEOS_DEPLOYMENT_TARGET = 17.0;
				LOCALIZATION_PREFERS_STRING_CATALOGS = YES;
				MARKETING_VERSION = 0.0.1;
				MTL_ENABLE_DEBUG_INFO = INCLUDE_SOURCE;
				MTL_FAST_MATH = YES;
				ONLY_ACTIVE_ARCH = YES;
				SDKROOT = iphoneos;
				SWIFT_ACTIVE_COMPILATION_CONDITIONS = "DEBUG $(inherited) PROD_API";
				SWIFT_OPTIMIZATION_LEVEL = "-Onone";
			};
			name = "Debug - Prod";
		};
		933E5DF12B71B0F300A83602 /* Debug - Prod */ = {
			isa = XCBuildConfiguration;
			buildSettings = {
				ASSETCATALOG_COMPILER_APPICON_NAME = AppIcon;
				ASSETCATALOG_COMPILER_GLOBAL_ACCENT_COLOR_NAME = AccentColor;
				CODE_SIGN_STYLE = Manual;
				DEVELOPMENT_ASSET_PATHS = "\"Cut/Preview Content\"";
				ENABLE_PREVIEWS = YES;
				GENERATE_INFOPLIST_FILE = YES;
				INFOPLIST_KEY_UIApplicationSceneManifest_Generation = YES;
				INFOPLIST_KEY_UIApplicationSupportsIndirectInputEvents = YES;
				INFOPLIST_KEY_UILaunchScreen_Generation = YES;
				INFOPLIST_KEY_UISupportedInterfaceOrientations_iPad = "UIInterfaceOrientationPortrait UIInterfaceOrientationPortraitUpsideDown UIInterfaceOrientationLandscapeLeft UIInterfaceOrientationLandscapeRight";
				INFOPLIST_KEY_UISupportedInterfaceOrientations_iPhone = "UIInterfaceOrientationPortrait UIInterfaceOrientationLandscapeLeft UIInterfaceOrientationLandscapeRight";
				LD_RUNPATH_SEARCH_PATHS = (
					"$(inherited)",
					"@executable_path/Frameworks",
				);
				PRODUCT_BUNDLE_IDENTIFIER = watch.cut;
				PRODUCT_NAME = "$(TARGET_NAME)";
				PROVISIONING_PROFILE_SPECIFIER = "match Development watch.cut";
				SWIFT_EMIT_LOC_STRINGS = YES;
				SWIFT_VERSION = 5.0;
				TARGETED_DEVICE_FAMILY = "1,2";
			};
			name = "Debug - Prod";
		};
		933E5DF22B71B0F300A83602 /* Debug - Prod */ = {
			isa = XCBuildConfiguration;
			buildSettings = {
				ALWAYS_EMBED_SWIFT_STANDARD_LIBRARIES = YES;
				BUNDLE_LOADER = "$(TEST_HOST)";
				CODE_SIGN_STYLE = Automatic;
				DEVELOPMENT_TEAM = X2TBSUCASC;
				GENERATE_INFOPLIST_FILE = YES;
				IPHONEOS_DEPLOYMENT_TARGET = 17.0;
				PRODUCT_BUNDLE_IDENTIFIER = watch.CutTests;
				PRODUCT_NAME = "$(TARGET_NAME)";
				SWIFT_EMIT_LOC_STRINGS = NO;
				SWIFT_VERSION = 5.0;
				TARGETED_DEVICE_FAMILY = "1,2";
				TEST_HOST = "$(BUILT_PRODUCTS_DIR)/Cut.app/$(BUNDLE_EXECUTABLE_FOLDER_PATH)/Cut";
			};
			name = "Debug - Prod";
		};
		933E5DF32B71B0F300A83602 /* Debug - Prod */ = {
			isa = XCBuildConfiguration;
			buildSettings = {
				ALWAYS_EMBED_SWIFT_STANDARD_LIBRARIES = YES;
				CODE_SIGN_STYLE = Automatic;
				DEVELOPMENT_TEAM = X2TBSUCASC;
				GENERATE_INFOPLIST_FILE = YES;
				PRODUCT_BUNDLE_IDENTIFIER = watch.CutUITests;
				PRODUCT_NAME = "$(TARGET_NAME)";
				SWIFT_EMIT_LOC_STRINGS = NO;
				SWIFT_VERSION = 5.0;
				TARGETED_DEVICE_FAMILY = "1,2";
				TEST_TARGET_NAME = Cut;
			};
			name = "Debug - Prod";
		};
		93898E6E2B6E0A990001D68F /* Debug - Local */ = {
			isa = XCBuildConfiguration;
			buildSettings = {
				ALWAYS_SEARCH_USER_PATHS = NO;
				ASSETCATALOG_COMPILER_GENERATE_SWIFT_ASSET_SYMBOL_EXTENSIONS = YES;
				CLANG_ANALYZER_NONNULL = YES;
				CLANG_ANALYZER_NUMBER_OBJECT_CONVERSION = YES_AGGRESSIVE;
				CLANG_CXX_LANGUAGE_STANDARD = "gnu++20";
				CLANG_ENABLE_MODULES = YES;
				CLANG_ENABLE_OBJC_ARC = YES;
				CLANG_ENABLE_OBJC_WEAK = YES;
				CLANG_WARN_BLOCK_CAPTURE_AUTORELEASING = YES;
				CLANG_WARN_BOOL_CONVERSION = YES;
				CLANG_WARN_COMMA = YES;
				CLANG_WARN_CONSTANT_CONVERSION = YES;
				CLANG_WARN_DEPRECATED_OBJC_IMPLEMENTATIONS = YES;
				CLANG_WARN_DIRECT_OBJC_ISA_USAGE = YES_ERROR;
				CLANG_WARN_DOCUMENTATION_COMMENTS = YES;
				CLANG_WARN_EMPTY_BODY = YES;
				CLANG_WARN_ENUM_CONVERSION = YES;
				CLANG_WARN_INFINITE_RECURSION = YES;
				CLANG_WARN_INT_CONVERSION = YES;
				CLANG_WARN_NON_LITERAL_NULL_CONVERSION = YES;
				CLANG_WARN_OBJC_IMPLICIT_RETAIN_SELF = YES;
				CLANG_WARN_OBJC_LITERAL_CONVERSION = YES;
				CLANG_WARN_OBJC_ROOT_CLASS = YES_ERROR;
				CLANG_WARN_QUOTED_INCLUDE_IN_FRAMEWORK_HEADER = YES;
				CLANG_WARN_RANGE_LOOP_ANALYSIS = YES;
				CLANG_WARN_STRICT_PROTOTYPES = YES;
				CLANG_WARN_SUSPICIOUS_MOVE = YES;
				CLANG_WARN_UNGUARDED_AVAILABILITY = YES_AGGRESSIVE;
				CLANG_WARN_UNREACHABLE_CODE = YES;
				CLANG_WARN__DUPLICATE_METHOD_MATCH = YES;
				CODE_SIGN_IDENTITY = "Apple Development: Kyle Satti (58XTJ49PSQ)";
				COPY_PHASE_STRIP = NO;
				CURRENT_PROJECT_VERSION = 1;
				DEBUG_INFORMATION_FORMAT = dwarf;
				DEVELOPMENT_TEAM = X2TBSUCASC;
				ENABLE_STRICT_OBJC_MSGSEND = YES;
				ENABLE_TESTABILITY = YES;
				ENABLE_USER_SCRIPT_SANDBOXING = YES;
				GCC_C_LANGUAGE_STANDARD = gnu17;
				GCC_DYNAMIC_NO_PIC = NO;
				GCC_NO_COMMON_BLOCKS = YES;
				GCC_OPTIMIZATION_LEVEL = 0;
				GCC_PREPROCESSOR_DEFINITIONS = (
					"DEBUG=1",
					"$(inherited)",
				);
				GCC_WARN_64_TO_32_BIT_CONVERSION = YES;
				GCC_WARN_ABOUT_RETURN_TYPE = YES_ERROR;
				GCC_WARN_UNDECLARED_SELECTOR = YES;
				GCC_WARN_UNINITIALIZED_AUTOS = YES_AGGRESSIVE;
				GCC_WARN_UNUSED_FUNCTION = YES;
				GCC_WARN_UNUSED_VARIABLE = YES;
				IPHONEOS_DEPLOYMENT_TARGET = 17.0;
				LOCALIZATION_PREFERS_STRING_CATALOGS = YES;
				MARKETING_VERSION = 0.0.1;
				MTL_ENABLE_DEBUG_INFO = INCLUDE_SOURCE;
				MTL_FAST_MATH = YES;
				ONLY_ACTIVE_ARCH = YES;
				SDKROOT = iphoneos;
				SWIFT_ACTIVE_COMPILATION_CONDITIONS = "DEBUG $(inherited) LOCAL_API";
				SWIFT_OPTIMIZATION_LEVEL = "-Onone";
			};
			name = "Debug - Local";
		};
		93898E6F2B6E0A990001D68F /* Release */ = {
			isa = XCBuildConfiguration;
			buildSettings = {
				ALWAYS_SEARCH_USER_PATHS = NO;
				ASSETCATALOG_COMPILER_GENERATE_SWIFT_ASSET_SYMBOL_EXTENSIONS = YES;
				CLANG_ANALYZER_NONNULL = YES;
				CLANG_ANALYZER_NUMBER_OBJECT_CONVERSION = YES_AGGRESSIVE;
				CLANG_CXX_LANGUAGE_STANDARD = "gnu++20";
				CLANG_ENABLE_MODULES = YES;
				CLANG_ENABLE_OBJC_ARC = YES;
				CLANG_ENABLE_OBJC_WEAK = YES;
				CLANG_WARN_BLOCK_CAPTURE_AUTORELEASING = YES;
				CLANG_WARN_BOOL_CONVERSION = YES;
				CLANG_WARN_COMMA = YES;
				CLANG_WARN_CONSTANT_CONVERSION = YES;
				CLANG_WARN_DEPRECATED_OBJC_IMPLEMENTATIONS = YES;
				CLANG_WARN_DIRECT_OBJC_ISA_USAGE = YES_ERROR;
				CLANG_WARN_DOCUMENTATION_COMMENTS = YES;
				CLANG_WARN_EMPTY_BODY = YES;
				CLANG_WARN_ENUM_CONVERSION = YES;
				CLANG_WARN_INFINITE_RECURSION = YES;
				CLANG_WARN_INT_CONVERSION = YES;
				CLANG_WARN_NON_LITERAL_NULL_CONVERSION = YES;
				CLANG_WARN_OBJC_IMPLICIT_RETAIN_SELF = YES;
				CLANG_WARN_OBJC_LITERAL_CONVERSION = YES;
				CLANG_WARN_OBJC_ROOT_CLASS = YES_ERROR;
				CLANG_WARN_QUOTED_INCLUDE_IN_FRAMEWORK_HEADER = YES;
				CLANG_WARN_RANGE_LOOP_ANALYSIS = YES;
				CLANG_WARN_STRICT_PROTOTYPES = YES;
				CLANG_WARN_SUSPICIOUS_MOVE = YES;
				CLANG_WARN_UNGUARDED_AVAILABILITY = YES_AGGRESSIVE;
				CLANG_WARN_UNREACHABLE_CODE = YES;
				CLANG_WARN__DUPLICATE_METHOD_MATCH = YES;
				CODE_SIGN_IDENTITY = "Apple Distribution: Kyle Satti (X2TBSUCASC)";
				COPY_PHASE_STRIP = NO;
				CURRENT_PROJECT_VERSION = 1;
				DEBUG_INFORMATION_FORMAT = "dwarf-with-dsym";
				DEVELOPMENT_TEAM = X2TBSUCASC;
				ENABLE_NS_ASSERTIONS = NO;
				ENABLE_STRICT_OBJC_MSGSEND = YES;
				ENABLE_USER_SCRIPT_SANDBOXING = YES;
				GCC_C_LANGUAGE_STANDARD = gnu17;
				GCC_NO_COMMON_BLOCKS = YES;
				GCC_WARN_64_TO_32_BIT_CONVERSION = YES;
				GCC_WARN_ABOUT_RETURN_TYPE = YES_ERROR;
				GCC_WARN_UNDECLARED_SELECTOR = YES;
				GCC_WARN_UNINITIALIZED_AUTOS = YES_AGGRESSIVE;
				GCC_WARN_UNUSED_FUNCTION = YES;
				GCC_WARN_UNUSED_VARIABLE = YES;
				IPHONEOS_DEPLOYMENT_TARGET = 17.0;
				LOCALIZATION_PREFERS_STRING_CATALOGS = YES;
				MARKETING_VERSION = 0.0.1;
				MTL_ENABLE_DEBUG_INFO = NO;
				MTL_FAST_MATH = YES;
				SDKROOT = iphoneos;
				SWIFT_ACTIVE_COMPILATION_CONDITIONS = PROD_API;
				SWIFT_COMPILATION_MODE = wholemodule;
				VALIDATE_PRODUCT = YES;
			};
			name = Release;
		};
		93898E712B6E0A990001D68F /* Debug - Local */ = {
			isa = XCBuildConfiguration;
			buildSettings = {
				ASSETCATALOG_COMPILER_APPICON_NAME = AppIcon;
				ASSETCATALOG_COMPILER_GLOBAL_ACCENT_COLOR_NAME = AccentColor;
				CODE_SIGN_STYLE = Manual;
				DEVELOPMENT_ASSET_PATHS = "\"Cut/Preview Content\"";
				ENABLE_PREVIEWS = YES;
				GENERATE_INFOPLIST_FILE = YES;
				INFOPLIST_KEY_UIApplicationSceneManifest_Generation = YES;
				INFOPLIST_KEY_UIApplicationSupportsIndirectInputEvents = YES;
				INFOPLIST_KEY_UILaunchScreen_Generation = YES;
				INFOPLIST_KEY_UISupportedInterfaceOrientations_iPad = "UIInterfaceOrientationPortrait UIInterfaceOrientationPortraitUpsideDown UIInterfaceOrientationLandscapeLeft UIInterfaceOrientationLandscapeRight";
				INFOPLIST_KEY_UISupportedInterfaceOrientations_iPhone = "UIInterfaceOrientationPortrait UIInterfaceOrientationLandscapeLeft UIInterfaceOrientationLandscapeRight";
				LD_RUNPATH_SEARCH_PATHS = (
					"$(inherited)",
					"@executable_path/Frameworks",
				);
				PRODUCT_BUNDLE_IDENTIFIER = watch.cut;
				PRODUCT_NAME = "$(TARGET_NAME)";
				PROVISIONING_PROFILE_SPECIFIER = "match Development watch.cut";
				SWIFT_EMIT_LOC_STRINGS = YES;
				SWIFT_VERSION = 5.0;
				TARGETED_DEVICE_FAMILY = "1,2";
			};
			name = "Debug - Local";
		};
		93898E722B6E0A990001D68F /* Release */ = {
			isa = XCBuildConfiguration;
			buildSettings = {
				ASSETCATALOG_COMPILER_APPICON_NAME = AppIcon;
				ASSETCATALOG_COMPILER_GLOBAL_ACCENT_COLOR_NAME = AccentColor;
				CODE_SIGN_STYLE = Manual;
				DEVELOPMENT_ASSET_PATHS = "\"Cut/Preview Content\"";
				ENABLE_PREVIEWS = YES;
				GENERATE_INFOPLIST_FILE = YES;
				INFOPLIST_KEY_UIApplicationSceneManifest_Generation = YES;
				INFOPLIST_KEY_UIApplicationSupportsIndirectInputEvents = YES;
				INFOPLIST_KEY_UILaunchScreen_Generation = YES;
				INFOPLIST_KEY_UISupportedInterfaceOrientations_iPad = "UIInterfaceOrientationPortrait UIInterfaceOrientationPortraitUpsideDown UIInterfaceOrientationLandscapeLeft UIInterfaceOrientationLandscapeRight";
				INFOPLIST_KEY_UISupportedInterfaceOrientations_iPhone = "UIInterfaceOrientationPortrait UIInterfaceOrientationLandscapeLeft UIInterfaceOrientationLandscapeRight";
				LD_RUNPATH_SEARCH_PATHS = (
					"$(inherited)",
					"@executable_path/Frameworks",
				);
				PRODUCT_BUNDLE_IDENTIFIER = watch.cut;
				PRODUCT_NAME = "$(TARGET_NAME)";
				PROVISIONING_PROFILE_SPECIFIER = "match AppStore watch.cut";
				SWIFT_EMIT_LOC_STRINGS = YES;
				SWIFT_VERSION = 5.0;
				TARGETED_DEVICE_FAMILY = "1,2";
			};
			name = Release;
		};
		93898E742B6E0A990001D68F /* Debug - Local */ = {
			isa = XCBuildConfiguration;
			buildSettings = {
				ALWAYS_EMBED_SWIFT_STANDARD_LIBRARIES = YES;
				BUNDLE_LOADER = "$(TEST_HOST)";
				CODE_SIGN_STYLE = Automatic;
				DEVELOPMENT_TEAM = X2TBSUCASC;
				GENERATE_INFOPLIST_FILE = YES;
				IPHONEOS_DEPLOYMENT_TARGET = 17.0;
				PRODUCT_BUNDLE_IDENTIFIER = watch.CutTests;
				PRODUCT_NAME = "$(TARGET_NAME)";
				SWIFT_EMIT_LOC_STRINGS = NO;
				SWIFT_VERSION = 5.0;
				TARGETED_DEVICE_FAMILY = "1,2";
				TEST_HOST = "$(BUILT_PRODUCTS_DIR)/Cut.app/$(BUNDLE_EXECUTABLE_FOLDER_PATH)/Cut";
			};
			name = "Debug - Local";
		};
		93898E752B6E0A990001D68F /* Release */ = {
			isa = XCBuildConfiguration;
			buildSettings = {
				ALWAYS_EMBED_SWIFT_STANDARD_LIBRARIES = YES;
				BUNDLE_LOADER = "$(TEST_HOST)";
				CODE_SIGN_STYLE = Automatic;
				DEVELOPMENT_TEAM = X2TBSUCASC;
				GENERATE_INFOPLIST_FILE = YES;
				IPHONEOS_DEPLOYMENT_TARGET = 17.0;
				PRODUCT_BUNDLE_IDENTIFIER = watch.CutTests;
				PRODUCT_NAME = "$(TARGET_NAME)";
				SWIFT_EMIT_LOC_STRINGS = NO;
				SWIFT_VERSION = 5.0;
				TARGETED_DEVICE_FAMILY = "1,2";
				TEST_HOST = "$(BUILT_PRODUCTS_DIR)/Cut.app/$(BUNDLE_EXECUTABLE_FOLDER_PATH)/Cut";
			};
			name = Release;
		};
		93898E772B6E0A990001D68F /* Debug - Local */ = {
			isa = XCBuildConfiguration;
			buildSettings = {
				ALWAYS_EMBED_SWIFT_STANDARD_LIBRARIES = YES;
				CODE_SIGN_STYLE = Automatic;
				DEVELOPMENT_TEAM = X2TBSUCASC;
				GENERATE_INFOPLIST_FILE = YES;
				PRODUCT_BUNDLE_IDENTIFIER = watch.CutUITests;
				PRODUCT_NAME = "$(TARGET_NAME)";
				SWIFT_EMIT_LOC_STRINGS = NO;
				SWIFT_VERSION = 5.0;
				TARGETED_DEVICE_FAMILY = "1,2";
				TEST_TARGET_NAME = Cut;
			};
			name = "Debug - Local";
		};
		93898E782B6E0A990001D68F /* Release */ = {
			isa = XCBuildConfiguration;
			buildSettings = {
				ALWAYS_EMBED_SWIFT_STANDARD_LIBRARIES = YES;
				CODE_SIGN_STYLE = Automatic;
				DEVELOPMENT_TEAM = X2TBSUCASC;
				GENERATE_INFOPLIST_FILE = YES;
				PRODUCT_BUNDLE_IDENTIFIER = watch.CutUITests;
				PRODUCT_NAME = "$(TARGET_NAME)";
				SWIFT_EMIT_LOC_STRINGS = NO;
				SWIFT_VERSION = 5.0;
				TARGETED_DEVICE_FAMILY = "1,2";
				TEST_TARGET_NAME = Cut;
			};
			name = Release;
		};
/* End XCBuildConfiguration section */

/* Begin XCConfigurationList section */
		93898E472B6E0A970001D68F /* Build configuration list for PBXProject "Cut" */ = {
			isa = XCConfigurationList;
			buildConfigurations = (
				93898E6E2B6E0A990001D68F /* Debug - Local */,
				933E5DF02B71B0F300A83602 /* Debug - Prod */,
				93898E6F2B6E0A990001D68F /* Release */,
			);
			defaultConfigurationIsVisible = 0;
			defaultConfigurationName = Release;
		};
		93898E702B6E0A990001D68F /* Build configuration list for PBXNativeTarget "Cut" */ = {
			isa = XCConfigurationList;
			buildConfigurations = (
				93898E712B6E0A990001D68F /* Debug - Local */,
				933E5DF12B71B0F300A83602 /* Debug - Prod */,
				93898E722B6E0A990001D68F /* Release */,
			);
			defaultConfigurationIsVisible = 0;
			defaultConfigurationName = Release;
		};
		93898E732B6E0A990001D68F /* Build configuration list for PBXNativeTarget "CutTests" */ = {
			isa = XCConfigurationList;
			buildConfigurations = (
				93898E742B6E0A990001D68F /* Debug - Local */,
				933E5DF22B71B0F300A83602 /* Debug - Prod */,
				93898E752B6E0A990001D68F /* Release */,
			);
			defaultConfigurationIsVisible = 0;
			defaultConfigurationName = Release;
		};
		93898E762B6E0A990001D68F /* Build configuration list for PBXNativeTarget "CutUITests" */ = {
			isa = XCConfigurationList;
			buildConfigurations = (
				93898E772B6E0A990001D68F /* Debug - Local */,
				933E5DF32B71B0F300A83602 /* Debug - Prod */,
				93898E782B6E0A990001D68F /* Release */,
			);
			defaultConfigurationIsVisible = 0;
			defaultConfigurationName = Release;
		};
/* End XCConfigurationList section */

/* Begin XCRemoteSwiftPackageReference section */
		933A6AA52B70251B004DE491 /* XCRemoteSwiftPackageReference "apollo-ios" */ = {
			isa = XCRemoteSwiftPackageReference;
			repositoryURL = "https://github.com/ky1ejs/apollo-ios";
			requirement = {
				branch = main;
				kind = branch;
			};
		};
		933E5DEC2B707E7500A83602 /* XCRemoteSwiftPackageReference "Kingfisher" */ = {
			isa = XCRemoteSwiftPackageReference;
			repositoryURL = "https://github.com/onevcat/Kingfisher.git";
			requirement = {
				kind = upToNextMajorVersion;
				minimumVersion = 7.10.2;
			};
		};
		933E5DF42B76DF4D00A83602 /* XCRemoteSwiftPackageReference "swift-markdown-ui" */ = {
			isa = XCRemoteSwiftPackageReference;
			repositoryURL = "https://github.com/gonzalezreal/swift-markdown-ui";
			requirement = {
				kind = upToNextMajorVersion;
				minimumVersion = 2.3.0;
			};
		};
/* End XCRemoteSwiftPackageReference section */

/* Begin XCSwiftPackageProductDependency section */
		933A6AA62B70251B004DE491 /* Apollo */ = {
			isa = XCSwiftPackageProductDependency;
			package = 933A6AA52B70251B004DE491 /* XCRemoteSwiftPackageReference "apollo-ios" */;
			productName = Apollo;
		};
		933E5DED2B707E7500A83602 /* Kingfisher */ = {
			isa = XCSwiftPackageProductDependency;
			package = 933E5DEC2B707E7500A83602 /* XCRemoteSwiftPackageReference "Kingfisher" */;
			productName = Kingfisher;
		};
		933E5DF52B76DF4D00A83602 /* MarkdownUI */ = {
			isa = XCSwiftPackageProductDependency;
			package = 933E5DF42B76DF4D00A83602 /* XCRemoteSwiftPackageReference "swift-markdown-ui" */;
			productName = MarkdownUI;
		};
/* End XCSwiftPackageProductDependency section */
	};
	rootObject = 93898E442B6E0A970001D68F /* Project object */;
}
