// !$*UTF8*$!
{
	archiveVersion = 1;
	classes = {
	};
	objectVersion = 56;
	objects = {

/* Begin PBXBuildFile section */
		93026AB12BA35589008DE777 /* IncompleteAccount.swift in Sources */ = {isa = PBXBuildFile; fileRef = 93026AB02BA35589008DE777 /* IncompleteAccount.swift */; };
		93026AB32BA36553008DE777 /* CompleteAccount.swift in Sources */ = {isa = PBXBuildFile; fileRef = 93026AB22BA36553008DE777 /* CompleteAccount.swift */; };
		933A6AA42B6E0BF2004DE491 /* ContentRow.swift in Sources */ = {isa = PBXBuildFile; fileRef = 933A6AA32B6E0BF2004DE491 /* ContentRow.swift */; };
		933A6AA72B70251B004DE491 /* Apollo in Frameworks */ = {isa = PBXBuildFile; productRef = 933A6AA62B70251B004DE491 /* Apollo */; };
		933A6AC02B704715004DE491 /* AuthorizedApolloClient.swift in Sources */ = {isa = PBXBuildFile; fileRef = 933A6ABF2B704715004DE491 /* AuthorizedApolloClient.swift */; };
		933B77622B856F57009CBC27 /* Browse.swift in Sources */ = {isa = PBXBuildFile; fileRef = 933B77612B856F57009CBC27 /* Browse.swift */; };
		933B77642B857009009CBC27 /* WatchList.swift in Sources */ = {isa = PBXBuildFile; fileRef = 933B77632B857009009CBC27 /* WatchList.swift */; };
		933B78A02B87E4B1009CBC27 /* ContentRowViewModel.swift in Sources */ = {isa = PBXBuildFile; fileRef = 933B789F2B87E4B1009CBC27 /* ContentRowViewModel.swift */; };
		933B78A22B87E4E0009CBC27 /* WatchListButton.swift in Sources */ = {isa = PBXBuildFile; fileRef = 933B78A12B87E4E0009CBC27 /* WatchListButton.swift */; };
		933B78A42B87E721009CBC27 /* Color.swift in Sources */ = {isa = PBXBuildFile; fileRef = 933B78A32B87E721009CBC27 /* Color.swift */; };
		933B78A62B87E736009CBC27 /* Font.swift in Sources */ = {isa = PBXBuildFile; fileRef = 933B78A52B87E736009CBC27 /* Font.swift */; };
		933B78A82B87E757009CBC27 /* URLImage.swift in Sources */ = {isa = PBXBuildFile; fileRef = 933B78A72B87E757009CBC27 /* URLImage.swift */; };
		933B78AC2B87E77B009CBC27 /* ImageStack.swift in Sources */ = {isa = PBXBuildFile; fileRef = 933B78AB2B87E77B009CBC27 /* ImageStack.swift */; };
		933B78B32B89AE42009CBC27 /* DetailView.swift in Sources */ = {isa = PBXBuildFile; fileRef = 933B78B22B89AE42009CBC27 /* DetailView.swift */; };
		933B79212B8AC6E9009CBC27 /* Mocks.swift in Sources */ = {isa = PBXBuildFile; fileRef = 933B79202B8AC6E9009CBC27 /* Mocks.swift */; };
		933B79612B8AD5AD009CBC27 /* WrappingHStack.swift in Sources */ = {isa = PBXBuildFile; fileRef = 933B79602B8AD5AD009CBC27 /* WrappingHStack.swift */; };
		933B79AF2B8AF6B3009CBC27 /* RatingCirlce.swift in Sources */ = {isa = PBXBuildFile; fileRef = 933B79AE2B8AF6B3009CBC27 /* RatingCirlce.swift */; };
		933B7A012B8B8A39009CBC27 /* WatchListViewModel.swift in Sources */ = {isa = PBXBuildFile; fileRef = 933B7A002B8B8A39009CBC27 /* WatchListViewModel.swift */; };
		933E5DEE2B707E7500A83602 /* Kingfisher in Frameworks */ = {isa = PBXBuildFile; productRef = 933E5DED2B707E7500A83602 /* Kingfisher */; };
		933E5DF62B76DF4D00A83602 /* MarkdownUI in Frameworks */ = {isa = PBXBuildFile; productRef = 933E5DF52B76DF4D00A83602 /* MarkdownUI */; };
		933E5DF92B76E19300A83602 /* Changelog.swift in Sources */ = {isa = PBXBuildFile; fileRef = 933E5DF82B76E19300A83602 /* Changelog.swift */; };
		933E5DFA2B76E24400A83602 /* CHANGELOG.md in Resources */ = {isa = PBXBuildFile; fileRef = 933E5DF72B76E17300A83602 /* CHANGELOG.md */; };
		933E5DFD2B76FDC600A83602 /* Account.swift in Sources */ = {isa = PBXBuildFile; fileRef = 933E5DFC2B76FDC600A83602 /* Account.swift */; };
		933E5DFF2B77137500A83602 /* Search.swift in Sources */ = {isa = PBXBuildFile; fileRef = 933E5DFE2B77137500A83602 /* Search.swift */; };
		933E5E032B77A76000A83602 /* DeviceRegister.swift in Sources */ = {isa = PBXBuildFile; fileRef = 933E5E022B77A76000A83602 /* DeviceRegister.swift */; };
		933E5E062B77EEA500A83602 /* KeychainAccess in Frameworks */ = {isa = PBXBuildFile; productRef = 933E5E052B77EEA500A83602 /* KeychainAccess */; };
		933E5E092B77F1D900A83602 /* SessionManager.swift in Sources */ = {isa = PBXBuildFile; fileRef = 933E5E082B77F1D900A83602 /* SessionManager.swift */; };
		936E60912B8ECC220092EA59 /* CompleteAccountForm.swift in Sources */ = {isa = PBXBuildFile; fileRef = 936E60902B8ECC220092EA59 /* CompleteAccountForm.swift */; };
		936E60932B8ED9F80092EA59 /* account.graphql in Resources */ = {isa = PBXBuildFile; fileRef = 936E60922B8ED9F80092EA59 /* account.graphql */; };
		936E60F12B8EDD900092EA59 /* Settings.swift in Sources */ = {isa = PBXBuildFile; fileRef = 936E60F02B8EDD900092EA59 /* Settings.swift */; };
		936E60F32B8EE02F0092EA59 /* CompleteAccountBenefits.swift in Sources */ = {isa = PBXBuildFile; fileRef = 936E60F22B8EE02F0092EA59 /* CompleteAccountBenefits.swift */; };
		936E61532B8F12A00092EA59 /* UsernameAvailabilityIndicator.swift in Sources */ = {isa = PBXBuildFile; fileRef = 936E61522B8F12A00092EA59 /* UsernameAvailabilityIndicator.swift */; };
		93898E502B6E0A970001D68F /* CutApp.swift in Sources */ = {isa = PBXBuildFile; fileRef = 93898E4F2B6E0A970001D68F /* CutApp.swift */; };
		93898E522B6E0A970001D68F /* Root.swift in Sources */ = {isa = PBXBuildFile; fileRef = 93898E512B6E0A970001D68F /* Root.swift */; };
		93898E542B6E0A980001D68F /* Assets.xcassets in Resources */ = {isa = PBXBuildFile; fileRef = 93898E532B6E0A980001D68F /* Assets.xcassets */; };
		93898E572B6E0A980001D68F /* Preview Assets.xcassets in Resources */ = {isa = PBXBuildFile; fileRef = 93898E562B6E0A980001D68F /* Preview Assets.xcassets */; };
		93898E612B6E0A990001D68F /* CutTests.swift in Sources */ = {isa = PBXBuildFile; fileRef = 93898E602B6E0A990001D68F /* CutTests.swift */; };
		93898E6B2B6E0A990001D68F /* CutUITests.swift in Sources */ = {isa = PBXBuildFile; fileRef = 93898E6A2B6E0A990001D68F /* CutUITests.swift */; };
		93898E6D2B6E0A990001D68F /* CutUITestsLaunchTests.swift in Sources */ = {isa = PBXBuildFile; fileRef = 93898E6C2B6E0A990001D68F /* CutUITestsLaunchTests.swift */; };
		93D3C3DD2B95EDBD00759104 /* AccountCompletionController.swift in Sources */ = {isa = PBXBuildFile; fileRef = 93D3C3DC2B95EDBD00759104 /* AccountCompletionController.swift */; };
		93D3C3DF2B96388400759104 /* Profile.swift in Sources */ = {isa = PBXBuildFile; fileRef = 93D3C3DE2B96388400759104 /* Profile.swift */; };
		93D3C3E12B9638B000759104 /* ProfileImage.swift in Sources */ = {isa = PBXBuildFile; fileRef = 93D3C3E02B9638B000759104 /* ProfileImage.swift */; };
		93D3C4492B9F6AA000759104 /* SceneDelegate.swift in Sources */ = {isa = PBXBuildFile; fileRef = 93D3C4482B9F6AA000759104 /* SceneDelegate.swift */; };
		93DA89112BA8632500DCA808 /* SecondaryButton.swift in Sources */ = {isa = PBXBuildFile; fileRef = 93DA89102BA8632500DCA808 /* SecondaryButton.swift */; };
		93DA89132BA8A05900DCA808 /* ProfileHeader.swift in Sources */ = {isa = PBXBuildFile; fileRef = 93DA89122BA8A05900DCA808 /* ProfileHeader.swift */; };
		93DA8A2B2BAA37A400DCA808 /* ActorFragment.graphql.swift in Sources */ = {isa = PBXBuildFile; fileRef = 93DA89F02BAA37A400DCA808 /* ActorFragment.graphql.swift */; };
		93DA8A2C2BAA37A400DCA808 /* MovieFragment.graphql.swift in Sources */ = {isa = PBXBuildFile; fileRef = 93DA89F12BAA37A400DCA808 /* MovieFragment.graphql.swift */; };
		93DA8A2D2BAA37A400DCA808 /* CompleteAccountFragment.graphql.swift in Sources */ = {isa = PBXBuildFile; fileRef = 93DA89F22BAA37A400DCA808 /* CompleteAccountFragment.graphql.swift */; };
		93DA8A2E2BAA37A400DCA808 /* WatchProviderFragment.graphql.swift in Sources */ = {isa = PBXBuildFile; fileRef = 93DA89F32BAA37A400DCA808 /* WatchProviderFragment.graphql.swift */; };
		93DA8A2F2BAA37A400DCA808 /* PersonFragment.graphql.swift in Sources */ = {isa = PBXBuildFile; fileRef = 93DA89F42BAA37A400DCA808 /* PersonFragment.graphql.swift */; };
		93DA8A302BAA37A400DCA808 /* ProfileFragment.graphql.swift in Sources */ = {isa = PBXBuildFile; fileRef = 93DA89F52BAA37A400DCA808 /* ProfileFragment.graphql.swift */; };
		93DA8A312BAA37A400DCA808 /* PersonInterfaceFragment.graphql.swift in Sources */ = {isa = PBXBuildFile; fileRef = 93DA89F62BAA37A400DCA808 /* PersonInterfaceFragment.graphql.swift */; };
		93DA8A322BAA37A400DCA808 /* ProductionCountryFragment.graphql.swift in Sources */ = {isa = PBXBuildFile; fileRef = 93DA89F72BAA37A400DCA808 /* ProductionCountryFragment.graphql.swift */; };
		93DA8A332BAA37A400DCA808 /* ExtendedMovieFragment.graphql.swift in Sources */ = {isa = PBXBuildFile; fileRef = 93DA89F82BAA37A400DCA808 /* ExtendedMovieFragment.graphql.swift */; };
		93DA8A342BAA37A400DCA808 /* CutGraphQL.graphql.swift in Sources */ = {isa = PBXBuildFile; fileRef = 93DA89F92BAA37A400DCA808 /* CutGraphQL.graphql.swift */; };
		93DA8A352BAA37A400DCA808 /* MutableMovieFragment.graphql.swift in Sources */ = {isa = PBXBuildFile; fileRef = 93DA89FB2BAA37A400DCA808 /* MutableMovieFragment.graphql.swift */; };
		93DA8A362BAA37A400DCA808 /* WatchListMutationLocalCacheMutation.graphql.swift in Sources */ = {isa = PBXBuildFile; fileRef = 93DA89FC2BAA37A400DCA808 /* WatchListMutationLocalCacheMutation.graphql.swift */; };
		93DA8A372BAA37A400DCA808 /* MutableExtendedMovieFragment.graphql.swift in Sources */ = {isa = PBXBuildFile; fileRef = 93DA89FD2BAA37A400DCA808 /* MutableExtendedMovieFragment.graphql.swift */; };
		93DA8A382BAA37A400DCA808 /* CompleteAccountMutation.graphql.swift in Sources */ = {isa = PBXBuildFile; fileRef = 93DA8A002BAA37A400DCA808 /* CompleteAccountMutation.graphql.swift */; };
		93DA8A392BAA37A400DCA808 /* AddToWatchListMutation.graphql.swift in Sources */ = {isa = PBXBuildFile; fileRef = 93DA8A012BAA37A400DCA808 /* AddToWatchListMutation.graphql.swift */; };
		93DA8A3A2BAA37A400DCA808 /* SignUpMutation.graphql.swift in Sources */ = {isa = PBXBuildFile; fileRef = 93DA8A022BAA37A400DCA808 /* SignUpMutation.graphql.swift */; };
		93DA8A3B2BAA37A400DCA808 /* RemoveFromWatchListMutation.graphql.swift in Sources */ = {isa = PBXBuildFile; fileRef = 93DA8A032BAA37A400DCA808 /* RemoveFromWatchListMutation.graphql.swift */; };
		93DA8A3C2BAA37A400DCA808 /* CheckUsernameAvailabilityQuery.graphql.swift in Sources */ = {isa = PBXBuildFile; fileRef = 93DA8A052BAA37A400DCA808 /* CheckUsernameAvailabilityQuery.graphql.swift */; };
		93DA8A3D2BAA37A400DCA808 /* SearchQuery.graphql.swift in Sources */ = {isa = PBXBuildFile; fileRef = 93DA8A062BAA37A400DCA808 /* SearchQuery.graphql.swift */; };
		93DA8A3E2BAA37A400DCA808 /* InitiateEmailVerificationQuery.graphql.swift in Sources */ = {isa = PBXBuildFile; fileRef = 93DA8A072BAA37A400DCA808 /* InitiateEmailVerificationQuery.graphql.swift */; };
		93DA8A3F2BAA37A400DCA808 /* MovieQuery.graphql.swift in Sources */ = {isa = PBXBuildFile; fileRef = 93DA8A082BAA37A400DCA808 /* MovieQuery.graphql.swift */; };
		93DA8A402BAA37A400DCA808 /* WatchListQuery.graphql.swift in Sources */ = {isa = PBXBuildFile; fileRef = 93DA8A092BAA37A400DCA808 /* WatchListQuery.graphql.swift */; };
		93DA8A412BAA37A400DCA808 /* GetAccountQuery.graphql.swift in Sources */ = {isa = PBXBuildFile; fileRef = 93DA8A0A2BAA37A400DCA808 /* GetAccountQuery.graphql.swift */; };
		93DA8A422BAA37A400DCA808 /* MoviesQuery.graphql.swift in Sources */ = {isa = PBXBuildFile; fileRef = 93DA8A0B2BAA37A400DCA808 /* MoviesQuery.graphql.swift */; };
		93DA8A432BAA37A400DCA808 /* AccountUnion.graphql.swift in Sources */ = {isa = PBXBuildFile; fileRef = 93DA8A0E2BAA37A400DCA808 /* AccountUnion.graphql.swift */; };
		93DA8A442BAA37A400DCA808 /* Collection.graphql.swift in Sources */ = {isa = PBXBuildFile; fileRef = 93DA8A102BAA37A400DCA808 /* Collection.graphql.swift */; };
		93DA8A452BAA37A400DCA808 /* PersonRole.graphql.swift in Sources */ = {isa = PBXBuildFile; fileRef = 93DA8A112BAA37A400DCA808 /* PersonRole.graphql.swift */; };
		93DA8A462BAA37A400DCA808 /* WatchProviders.graphql.swift in Sources */ = {isa = PBXBuildFile; fileRef = 93DA8A132BAA37A400DCA808 /* WatchProviders.graphql.swift */; };
		93DA8A472BAA37A400DCA808 /* IncompleteAccount.graphql.swift in Sources */ = {isa = PBXBuildFile; fileRef = 93DA8A142BAA37A400DCA808 /* IncompleteAccount.graphql.swift */; };
		93DA8A482BAA37A400DCA808 /* ProductionCountry.graphql.swift in Sources */ = {isa = PBXBuildFile; fileRef = 93DA8A152BAA37A400DCA808 /* ProductionCountry.graphql.swift */; };
		93DA8A492BAA37A400DCA808 /* Profile.graphql.swift in Sources */ = {isa = PBXBuildFile; fileRef = 93DA8A162BAA37A400DCA808 /* Profile.graphql.swift */; };
		93DA8A4A2BAA37A400DCA808 /* Person.graphql.swift in Sources */ = {isa = PBXBuildFile; fileRef = 93DA8A172BAA37A400DCA808 /* Person.graphql.swift */; };
		93DA8A4B2BAA37A400DCA808 /* Movie.graphql.swift in Sources */ = {isa = PBXBuildFile; fileRef = 93DA8A182BAA37A400DCA808 /* Movie.graphql.swift */; };
		93DA8A4C2BAA37A400DCA808 /* ExtendedMovie.graphql.swift in Sources */ = {isa = PBXBuildFile; fileRef = 93DA8A192BAA37A400DCA808 /* ExtendedMovie.graphql.swift */; };
		93DA8A4D2BAA37A400DCA808 /* CompleteAccountResult.graphql.swift in Sources */ = {isa = PBXBuildFile; fileRef = 93DA8A1A2BAA37A400DCA808 /* CompleteAccountResult.graphql.swift */; };
		93DA8A4E2BAA37A400DCA808 /* Mutation.graphql.swift in Sources */ = {isa = PBXBuildFile; fileRef = 93DA8A1B2BAA37A400DCA808 /* Mutation.graphql.swift */; };
		93DA8A4F2BAA37A400DCA808 /* Actor.graphql.swift in Sources */ = {isa = PBXBuildFile; fileRef = 93DA8A1C2BAA37A400DCA808 /* Actor.graphql.swift */; };
		93DA8A502BAA37A400DCA808 /* WatchProvider.graphql.swift in Sources */ = {isa = PBXBuildFile; fileRef = 93DA8A1D2BAA37A400DCA808 /* WatchProvider.graphql.swift */; };
		93DA8A512BAA37A400DCA808 /* Query.graphql.swift in Sources */ = {isa = PBXBuildFile; fileRef = 93DA8A1E2BAA37A400DCA808 /* Query.graphql.swift */; };
		93DA8A522BAA37A400DCA808 /* Device.graphql.swift in Sources */ = {isa = PBXBuildFile; fileRef = 93DA8A1F2BAA37A400DCA808 /* Device.graphql.swift */; };
		93DA8A532BAA37A400DCA808 /* WatchListMutationResult.graphql.swift in Sources */ = {isa = PBXBuildFile; fileRef = 93DA8A202BAA37A400DCA808 /* WatchListMutationResult.graphql.swift */; };
		93DA8A542BAA37A400DCA808 /* Genre.graphql.swift in Sources */ = {isa = PBXBuildFile; fileRef = 93DA8A212BAA37A400DCA808 /* Genre.graphql.swift */; };
		93DA8A552BAA37A400DCA808 /* CompleteAccount.graphql.swift in Sources */ = {isa = PBXBuildFile; fileRef = 93DA8A222BAA37A400DCA808 /* CompleteAccount.graphql.swift */; };
		93DA8A562BAA37A400DCA808 /* SchemaConfiguration.swift in Sources */ = {isa = PBXBuildFile; fileRef = 93DA8A232BAA37A400DCA808 /* SchemaConfiguration.swift */; };
		93DA8A572BAA37A400DCA808 /* CompleteAccountInput.graphql.swift in Sources */ = {isa = PBXBuildFile; fileRef = 93DA8A252BAA37A400DCA808 /* CompleteAccountInput.graphql.swift */; };
		93DA8A582BAA37A400DCA808 /* SchemaMetadata.graphql.swift in Sources */ = {isa = PBXBuildFile; fileRef = 93DA8A262BAA37A400DCA808 /* SchemaMetadata.graphql.swift */; };
		93DA8A592BAA37A400DCA808 /* MovieInterface.graphql.swift in Sources */ = {isa = PBXBuildFile; fileRef = 93DA8A282BAA37A400DCA808 /* MovieInterface.graphql.swift */; };
		93DA8A5A2BAA37A400DCA808 /* PersonInterface.graphql.swift in Sources */ = {isa = PBXBuildFile; fileRef = 93DA8A292BAA37A400DCA808 /* PersonInterface.graphql.swift */; };
		93DA8A5B2BAA37A400DCA808 /* ProfileInterface.graphql.swift in Sources */ = {isa = PBXBuildFile; fileRef = 93DA8A2A2BAA37A400DCA808 /* ProfileInterface.graphql.swift */; };
		93F6BC0B2B93393B004E6652 /* InitiateEmailConfirm.swift in Sources */ = {isa = PBXBuildFile; fileRef = 93F6BC0A2B93393B004E6652 /* InitiateEmailConfirm.swift */; };
		93F6BCCD2B9342B0004E6652 /* CheckEmailVerification.swift in Sources */ = {isa = PBXBuildFile; fileRef = 93F6BCCC2B9342B0004E6652 /* CheckEmailVerification.swift */; };
		93F6BCCF2B9343B6004E6652 /* PrimaryButton.swift in Sources */ = {isa = PBXBuildFile; fileRef = 93F6BCCE2B9343B6004E6652 /* PrimaryButton.swift */; };
		93F6BCD12B934693004E6652 /* DeepLinkManager.swift in Sources */ = {isa = PBXBuildFile; fileRef = 93F6BCD02B934693004E6652 /* DeepLinkManager.swift */; };
		93F6BCD32B934950004E6652 /* AppDelegate.swift in Sources */ = {isa = PBXBuildFile; fileRef = 93F6BCD22B934950004E6652 /* AppDelegate.swift */; };
/* End PBXBuildFile section */

/* Begin PBXContainerItemProxy section */
		93898E5D2B6E0A990001D68F /* PBXContainerItemProxy */ = {
			isa = PBXContainerItemProxy;
			containerPortal = 93898E442B6E0A970001D68F /* Project object */;
			proxyType = 1;
			remoteGlobalIDString = 93898E4B2B6E0A970001D68F;
			remoteInfo = Cut;
		};
		93898E672B6E0A990001D68F /* PBXContainerItemProxy */ = {
			isa = PBXContainerItemProxy;
			containerPortal = 93898E442B6E0A970001D68F /* Project object */;
			proxyType = 1;
			remoteGlobalIDString = 93898E4B2B6E0A970001D68F;
			remoteInfo = Cut;
		};
/* End PBXContainerItemProxy section */

/* Begin PBXFileReference section */
		93026AB02BA35589008DE777 /* IncompleteAccount.swift */ = {isa = PBXFileReference; lastKnownFileType = sourcecode.swift; path = IncompleteAccount.swift; sourceTree = "<group>"; };
		93026AB22BA36553008DE777 /* CompleteAccount.swift */ = {isa = PBXFileReference; lastKnownFileType = sourcecode.swift; path = CompleteAccount.swift; sourceTree = "<group>"; };
		933A6AA32B6E0BF2004DE491 /* ContentRow.swift */ = {isa = PBXFileReference; lastKnownFileType = sourcecode.swift; path = ContentRow.swift; sourceTree = "<group>"; };
		933A6AA82B702CFA004DE491 /* apollo-codegen-config.json */ = {isa = PBXFileReference; lastKnownFileType = text.json; path = "apollo-codegen-config.json"; sourceTree = "<group>"; };
		933A6AAA2B703690004DE491 /* queries.graphql */ = {isa = PBXFileReference; indentWidth = 2; lastKnownFileType = text; path = queries.graphql; sourceTree = "<group>"; tabWidth = 2; };
		933A6ABF2B704715004DE491 /* AuthorizedApolloClient.swift */ = {isa = PBXFileReference; lastKnownFileType = sourcecode.swift; path = AuthorizedApolloClient.swift; sourceTree = "<group>"; };
		933B77612B856F57009CBC27 /* Browse.swift */ = {isa = PBXFileReference; lastKnownFileType = sourcecode.swift; path = Browse.swift; sourceTree = "<group>"; };
		933B77632B857009009CBC27 /* WatchList.swift */ = {isa = PBXFileReference; lastKnownFileType = sourcecode.swift; path = WatchList.swift; sourceTree = "<group>"; };
		933B789F2B87E4B1009CBC27 /* ContentRowViewModel.swift */ = {isa = PBXFileReference; lastKnownFileType = sourcecode.swift; path = ContentRowViewModel.swift; sourceTree = "<group>"; };
		933B78A12B87E4E0009CBC27 /* WatchListButton.swift */ = {isa = PBXFileReference; lastKnownFileType = sourcecode.swift; path = WatchListButton.swift; sourceTree = "<group>"; };
		933B78A32B87E721009CBC27 /* Color.swift */ = {isa = PBXFileReference; lastKnownFileType = sourcecode.swift; path = Color.swift; sourceTree = "<group>"; };
		933B78A52B87E736009CBC27 /* Font.swift */ = {isa = PBXFileReference; lastKnownFileType = sourcecode.swift; path = Font.swift; sourceTree = "<group>"; };
		933B78A72B87E757009CBC27 /* URLImage.swift */ = {isa = PBXFileReference; lastKnownFileType = sourcecode.swift; path = URLImage.swift; sourceTree = "<group>"; };
		933B78AB2B87E77B009CBC27 /* ImageStack.swift */ = {isa = PBXFileReference; lastKnownFileType = sourcecode.swift; path = ImageStack.swift; sourceTree = "<group>"; };
		933B78B22B89AE42009CBC27 /* DetailView.swift */ = {isa = PBXFileReference; lastKnownFileType = sourcecode.swift; path = DetailView.swift; sourceTree = "<group>"; };
		933B79202B8AC6E9009CBC27 /* Mocks.swift */ = {isa = PBXFileReference; lastKnownFileType = sourcecode.swift; path = Mocks.swift; sourceTree = "<group>"; };
		933B79602B8AD5AD009CBC27 /* WrappingHStack.swift */ = {isa = PBXFileReference; lastKnownFileType = sourcecode.swift; path = WrappingHStack.swift; sourceTree = "<group>"; };
		933B79AE2B8AF6B3009CBC27 /* RatingCirlce.swift */ = {isa = PBXFileReference; lastKnownFileType = sourcecode.swift; path = RatingCirlce.swift; sourceTree = "<group>"; };
		933B7A002B8B8A39009CBC27 /* WatchListViewModel.swift */ = {isa = PBXFileReference; lastKnownFileType = sourcecode.swift; path = WatchListViewModel.swift; sourceTree = "<group>"; };
		933E5DF72B76E17300A83602 /* CHANGELOG.md */ = {isa = PBXFileReference; lastKnownFileType = net.daringfireball.markdown; path = CHANGELOG.md; sourceTree = "<group>"; };
		933E5DF82B76E19300A83602 /* Changelog.swift */ = {isa = PBXFileReference; lastKnownFileType = sourcecode.swift; path = Changelog.swift; sourceTree = "<group>"; };
		933E5DFC2B76FDC600A83602 /* Account.swift */ = {isa = PBXFileReference; lastKnownFileType = sourcecode.swift; path = Account.swift; sourceTree = "<group>"; };
		933E5DFE2B77137500A83602 /* Search.swift */ = {isa = PBXFileReference; lastKnownFileType = sourcecode.swift; path = Search.swift; sourceTree = "<group>"; };
		933E5E022B77A76000A83602 /* DeviceRegister.swift */ = {isa = PBXFileReference; lastKnownFileType = sourcecode.swift; path = DeviceRegister.swift; sourceTree = "<group>"; };
		933E5E072B77EF9100A83602 /* Cut.entitlements */ = {isa = PBXFileReference; lastKnownFileType = text.plist.entitlements; path = Cut.entitlements; sourceTree = "<group>"; };
		933E5E082B77F1D900A83602 /* SessionManager.swift */ = {isa = PBXFileReference; lastKnownFileType = sourcecode.swift; path = SessionManager.swift; sourceTree = "<group>"; };
		936E60902B8ECC220092EA59 /* CompleteAccountForm.swift */ = {isa = PBXFileReference; lastKnownFileType = sourcecode.swift; path = CompleteAccountForm.swift; sourceTree = "<group>"; };
		936E60922B8ED9F80092EA59 /* account.graphql */ = {isa = PBXFileReference; lastKnownFileType = text; path = account.graphql; sourceTree = "<group>"; };
		936E60F02B8EDD900092EA59 /* Settings.swift */ = {isa = PBXFileReference; lastKnownFileType = sourcecode.swift; path = Settings.swift; sourceTree = "<group>"; };
		936E60F22B8EE02F0092EA59 /* CompleteAccountBenefits.swift */ = {isa = PBXFileReference; lastKnownFileType = sourcecode.swift; path = CompleteAccountBenefits.swift; sourceTree = "<group>"; };
		936E61522B8F12A00092EA59 /* UsernameAvailabilityIndicator.swift */ = {isa = PBXFileReference; lastKnownFileType = sourcecode.swift; path = UsernameAvailabilityIndicator.swift; sourceTree = "<group>"; };
		93898E4C2B6E0A970001D68F /* Cut.app */ = {isa = PBXFileReference; explicitFileType = wrapper.application; includeInIndex = 0; path = Cut.app; sourceTree = BUILT_PRODUCTS_DIR; };
		93898E4F2B6E0A970001D68F /* CutApp.swift */ = {isa = PBXFileReference; lastKnownFileType = sourcecode.swift; path = CutApp.swift; sourceTree = "<group>"; };
		93898E512B6E0A970001D68F /* Root.swift */ = {isa = PBXFileReference; lastKnownFileType = sourcecode.swift; path = Root.swift; sourceTree = "<group>"; };
		93898E532B6E0A980001D68F /* Assets.xcassets */ = {isa = PBXFileReference; lastKnownFileType = folder.assetcatalog; path = Assets.xcassets; sourceTree = "<group>"; };
		93898E562B6E0A980001D68F /* Preview Assets.xcassets */ = {isa = PBXFileReference; lastKnownFileType = folder.assetcatalog; path = "Preview Assets.xcassets"; sourceTree = "<group>"; };
		93898E5C2B6E0A990001D68F /* CutTests.xctest */ = {isa = PBXFileReference; explicitFileType = wrapper.cfbundle; includeInIndex = 0; path = CutTests.xctest; sourceTree = BUILT_PRODUCTS_DIR; };
		93898E602B6E0A990001D68F /* CutTests.swift */ = {isa = PBXFileReference; lastKnownFileType = sourcecode.swift; path = CutTests.swift; sourceTree = "<group>"; };
		93898E662B6E0A990001D68F /* CutUITests.xctest */ = {isa = PBXFileReference; explicitFileType = wrapper.cfbundle; includeInIndex = 0; path = CutUITests.xctest; sourceTree = BUILT_PRODUCTS_DIR; };
		93898E6A2B6E0A990001D68F /* CutUITests.swift */ = {isa = PBXFileReference; lastKnownFileType = sourcecode.swift; path = CutUITests.swift; sourceTree = "<group>"; };
		93898E6C2B6E0A990001D68F /* CutUITestsLaunchTests.swift */ = {isa = PBXFileReference; lastKnownFileType = sourcecode.swift; path = CutUITestsLaunchTests.swift; sourceTree = "<group>"; };
		93D3C3DC2B95EDBD00759104 /* AccountCompletionController.swift */ = {isa = PBXFileReference; lastKnownFileType = sourcecode.swift; path = AccountCompletionController.swift; sourceTree = "<group>"; };
		93D3C3DE2B96388400759104 /* Profile.swift */ = {isa = PBXFileReference; lastKnownFileType = sourcecode.swift; path = Profile.swift; sourceTree = "<group>"; };
		93D3C3E02B9638B000759104 /* ProfileImage.swift */ = {isa = PBXFileReference; lastKnownFileType = sourcecode.swift; path = ProfileImage.swift; sourceTree = "<group>"; };
		93D3C3E22B97806D00759104 /* Info.plist */ = {isa = PBXFileReference; lastKnownFileType = text.plist; path = Info.plist; sourceTree = "<group>"; };
		93D3C4482B9F6AA000759104 /* SceneDelegate.swift */ = {isa = PBXFileReference; lastKnownFileType = sourcecode.swift; path = SceneDelegate.swift; sourceTree = "<group>"; };
		93DA89102BA8632500DCA808 /* SecondaryButton.swift */ = {isa = PBXFileReference; lastKnownFileType = sourcecode.swift; path = SecondaryButton.swift; sourceTree = "<group>"; };
		93DA89122BA8A05900DCA808 /* ProfileHeader.swift */ = {isa = PBXFileReference; lastKnownFileType = sourcecode.swift; path = ProfileHeader.swift; sourceTree = "<group>"; };
		93DA89F02BAA37A400DCA808 /* ActorFragment.graphql.swift */ = {isa = PBXFileReference; fileEncoding = 4; lastKnownFileType = sourcecode.swift; path = ActorFragment.graphql.swift; sourceTree = "<group>"; };
		93DA89F12BAA37A400DCA808 /* MovieFragment.graphql.swift */ = {isa = PBXFileReference; fileEncoding = 4; lastKnownFileType = sourcecode.swift; path = MovieFragment.graphql.swift; sourceTree = "<group>"; };
		93DA89F22BAA37A400DCA808 /* CompleteAccountFragment.graphql.swift */ = {isa = PBXFileReference; fileEncoding = 4; lastKnownFileType = sourcecode.swift; path = CompleteAccountFragment.graphql.swift; sourceTree = "<group>"; };
		93DA89F32BAA37A400DCA808 /* WatchProviderFragment.graphql.swift */ = {isa = PBXFileReference; fileEncoding = 4; lastKnownFileType = sourcecode.swift; path = WatchProviderFragment.graphql.swift; sourceTree = "<group>"; };
		93DA89F42BAA37A400DCA808 /* PersonFragment.graphql.swift */ = {isa = PBXFileReference; fileEncoding = 4; lastKnownFileType = sourcecode.swift; path = PersonFragment.graphql.swift; sourceTree = "<group>"; };
		93DA89F52BAA37A400DCA808 /* ProfileFragment.graphql.swift */ = {isa = PBXFileReference; fileEncoding = 4; lastKnownFileType = sourcecode.swift; path = ProfileFragment.graphql.swift; sourceTree = "<group>"; };
		93DA89F62BAA37A400DCA808 /* PersonInterfaceFragment.graphql.swift */ = {isa = PBXFileReference; fileEncoding = 4; lastKnownFileType = sourcecode.swift; path = PersonInterfaceFragment.graphql.swift; sourceTree = "<group>"; };
		93DA89F72BAA37A400DCA808 /* ProductionCountryFragment.graphql.swift */ = {isa = PBXFileReference; fileEncoding = 4; lastKnownFileType = sourcecode.swift; path = ProductionCountryFragment.graphql.swift; sourceTree = "<group>"; };
		93DA89F82BAA37A400DCA808 /* ExtendedMovieFragment.graphql.swift */ = {isa = PBXFileReference; fileEncoding = 4; lastKnownFileType = sourcecode.swift; path = ExtendedMovieFragment.graphql.swift; sourceTree = "<group>"; };
		93DA89F92BAA37A400DCA808 /* CutGraphQL.graphql.swift */ = {isa = PBXFileReference; fileEncoding = 4; lastKnownFileType = sourcecode.swift; path = CutGraphQL.graphql.swift; sourceTree = "<group>"; };
		93DA89FB2BAA37A400DCA808 /* MutableMovieFragment.graphql.swift */ = {isa = PBXFileReference; fileEncoding = 4; lastKnownFileType = sourcecode.swift; path = MutableMovieFragment.graphql.swift; sourceTree = "<group>"; };
		93DA89FC2BAA37A400DCA808 /* WatchListMutationLocalCacheMutation.graphql.swift */ = {isa = PBXFileReference; fileEncoding = 4; lastKnownFileType = sourcecode.swift; path = WatchListMutationLocalCacheMutation.graphql.swift; sourceTree = "<group>"; };
		93DA89FD2BAA37A400DCA808 /* MutableExtendedMovieFragment.graphql.swift */ = {isa = PBXFileReference; fileEncoding = 4; lastKnownFileType = sourcecode.swift; path = MutableExtendedMovieFragment.graphql.swift; sourceTree = "<group>"; };
		93DA8A002BAA37A400DCA808 /* CompleteAccountMutation.graphql.swift */ = {isa = PBXFileReference; fileEncoding = 4; lastKnownFileType = sourcecode.swift; path = CompleteAccountMutation.graphql.swift; sourceTree = "<group>"; };
		93DA8A012BAA37A400DCA808 /* AddToWatchListMutation.graphql.swift */ = {isa = PBXFileReference; fileEncoding = 4; lastKnownFileType = sourcecode.swift; path = AddToWatchListMutation.graphql.swift; sourceTree = "<group>"; };
		93DA8A022BAA37A400DCA808 /* SignUpMutation.graphql.swift */ = {isa = PBXFileReference; fileEncoding = 4; lastKnownFileType = sourcecode.swift; path = SignUpMutation.graphql.swift; sourceTree = "<group>"; };
		93DA8A032BAA37A400DCA808 /* RemoveFromWatchListMutation.graphql.swift */ = {isa = PBXFileReference; fileEncoding = 4; lastKnownFileType = sourcecode.swift; path = RemoveFromWatchListMutation.graphql.swift; sourceTree = "<group>"; };
		93DA8A052BAA37A400DCA808 /* CheckUsernameAvailabilityQuery.graphql.swift */ = {isa = PBXFileReference; fileEncoding = 4; lastKnownFileType = sourcecode.swift; path = CheckUsernameAvailabilityQuery.graphql.swift; sourceTree = "<group>"; };
		93DA8A062BAA37A400DCA808 /* SearchQuery.graphql.swift */ = {isa = PBXFileReference; fileEncoding = 4; lastKnownFileType = sourcecode.swift; path = SearchQuery.graphql.swift; sourceTree = "<group>"; };
		93DA8A072BAA37A400DCA808 /* InitiateEmailVerificationQuery.graphql.swift */ = {isa = PBXFileReference; fileEncoding = 4; lastKnownFileType = sourcecode.swift; path = InitiateEmailVerificationQuery.graphql.swift; sourceTree = "<group>"; };
		93DA8A082BAA37A400DCA808 /* MovieQuery.graphql.swift */ = {isa = PBXFileReference; fileEncoding = 4; lastKnownFileType = sourcecode.swift; path = MovieQuery.graphql.swift; sourceTree = "<group>"; };
		93DA8A092BAA37A400DCA808 /* WatchListQuery.graphql.swift */ = {isa = PBXFileReference; fileEncoding = 4; lastKnownFileType = sourcecode.swift; path = WatchListQuery.graphql.swift; sourceTree = "<group>"; };
		93DA8A0A2BAA37A400DCA808 /* GetAccountQuery.graphql.swift */ = {isa = PBXFileReference; fileEncoding = 4; lastKnownFileType = sourcecode.swift; path = GetAccountQuery.graphql.swift; sourceTree = "<group>"; };
		93DA8A0B2BAA37A400DCA808 /* MoviesQuery.graphql.swift */ = {isa = PBXFileReference; fileEncoding = 4; lastKnownFileType = sourcecode.swift; path = MoviesQuery.graphql.swift; sourceTree = "<group>"; };
		93DA8A0E2BAA37A400DCA808 /* AccountUnion.graphql.swift */ = {isa = PBXFileReference; fileEncoding = 4; lastKnownFileType = sourcecode.swift; path = AccountUnion.graphql.swift; sourceTree = "<group>"; };
		93DA8A102BAA37A400DCA808 /* Collection.graphql.swift */ = {isa = PBXFileReference; fileEncoding = 4; lastKnownFileType = sourcecode.swift; path = Collection.graphql.swift; sourceTree = "<group>"; };
		93DA8A112BAA37A400DCA808 /* PersonRole.graphql.swift */ = {isa = PBXFileReference; fileEncoding = 4; lastKnownFileType = sourcecode.swift; path = PersonRole.graphql.swift; sourceTree = "<group>"; };
		93DA8A132BAA37A400DCA808 /* WatchProviders.graphql.swift */ = {isa = PBXFileReference; fileEncoding = 4; lastKnownFileType = sourcecode.swift; path = WatchProviders.graphql.swift; sourceTree = "<group>"; };
		93DA8A142BAA37A400DCA808 /* IncompleteAccount.graphql.swift */ = {isa = PBXFileReference; fileEncoding = 4; lastKnownFileType = sourcecode.swift; path = IncompleteAccount.graphql.swift; sourceTree = "<group>"; };
		93DA8A152BAA37A400DCA808 /* ProductionCountry.graphql.swift */ = {isa = PBXFileReference; fileEncoding = 4; lastKnownFileType = sourcecode.swift; path = ProductionCountry.graphql.swift; sourceTree = "<group>"; };
		93DA8A162BAA37A400DCA808 /* Profile.graphql.swift */ = {isa = PBXFileReference; fileEncoding = 4; lastKnownFileType = sourcecode.swift; path = Profile.graphql.swift; sourceTree = "<group>"; };
		93DA8A172BAA37A400DCA808 /* Person.graphql.swift */ = {isa = PBXFileReference; fileEncoding = 4; lastKnownFileType = sourcecode.swift; path = Person.graphql.swift; sourceTree = "<group>"; };
		93DA8A182BAA37A400DCA808 /* Movie.graphql.swift */ = {isa = PBXFileReference; fileEncoding = 4; lastKnownFileType = sourcecode.swift; path = Movie.graphql.swift; sourceTree = "<group>"; };
		93DA8A192BAA37A400DCA808 /* ExtendedMovie.graphql.swift */ = {isa = PBXFileReference; fileEncoding = 4; lastKnownFileType = sourcecode.swift; path = ExtendedMovie.graphql.swift; sourceTree = "<group>"; };
		93DA8A1A2BAA37A400DCA808 /* CompleteAccountResult.graphql.swift */ = {isa = PBXFileReference; fileEncoding = 4; lastKnownFileType = sourcecode.swift; path = CompleteAccountResult.graphql.swift; sourceTree = "<group>"; };
		93DA8A1B2BAA37A400DCA808 /* Mutation.graphql.swift */ = {isa = PBXFileReference; fileEncoding = 4; lastKnownFileType = sourcecode.swift; path = Mutation.graphql.swift; sourceTree = "<group>"; };
		93DA8A1C2BAA37A400DCA808 /* Actor.graphql.swift */ = {isa = PBXFileReference; fileEncoding = 4; lastKnownFileType = sourcecode.swift; path = Actor.graphql.swift; sourceTree = "<group>"; };
		93DA8A1D2BAA37A400DCA808 /* WatchProvider.graphql.swift */ = {isa = PBXFileReference; fileEncoding = 4; lastKnownFileType = sourcecode.swift; path = WatchProvider.graphql.swift; sourceTree = "<group>"; };
		93DA8A1E2BAA37A400DCA808 /* Query.graphql.swift */ = {isa = PBXFileReference; fileEncoding = 4; lastKnownFileType = sourcecode.swift; path = Query.graphql.swift; sourceTree = "<group>"; };
		93DA8A1F2BAA37A400DCA808 /* Device.graphql.swift */ = {isa = PBXFileReference; fileEncoding = 4; lastKnownFileType = sourcecode.swift; path = Device.graphql.swift; sourceTree = "<group>"; };
		93DA8A202BAA37A400DCA808 /* WatchListMutationResult.graphql.swift */ = {isa = PBXFileReference; fileEncoding = 4; lastKnownFileType = sourcecode.swift; path = WatchListMutationResult.graphql.swift; sourceTree = "<group>"; };
		93DA8A212BAA37A400DCA808 /* Genre.graphql.swift */ = {isa = PBXFileReference; fileEncoding = 4; lastKnownFileType = sourcecode.swift; path = Genre.graphql.swift; sourceTree = "<group>"; };
		93DA8A222BAA37A400DCA808 /* CompleteAccount.graphql.swift */ = {isa = PBXFileReference; fileEncoding = 4; lastKnownFileType = sourcecode.swift; path = CompleteAccount.graphql.swift; sourceTree = "<group>"; };
		93DA8A232BAA37A400DCA808 /* SchemaConfiguration.swift */ = {isa = PBXFileReference; fileEncoding = 4; lastKnownFileType = sourcecode.swift; path = SchemaConfiguration.swift; sourceTree = "<group>"; };
		93DA8A252BAA37A400DCA808 /* CompleteAccountInput.graphql.swift */ = {isa = PBXFileReference; fileEncoding = 4; lastKnownFileType = sourcecode.swift; path = CompleteAccountInput.graphql.swift; sourceTree = "<group>"; };
		93DA8A262BAA37A400DCA808 /* SchemaMetadata.graphql.swift */ = {isa = PBXFileReference; fileEncoding = 4; lastKnownFileType = sourcecode.swift; path = SchemaMetadata.graphql.swift; sourceTree = "<group>"; };
		93DA8A282BAA37A400DCA808 /* MovieInterface.graphql.swift */ = {isa = PBXFileReference; fileEncoding = 4; lastKnownFileType = sourcecode.swift; path = MovieInterface.graphql.swift; sourceTree = "<group>"; };
		93DA8A292BAA37A400DCA808 /* PersonInterface.graphql.swift */ = {isa = PBXFileReference; fileEncoding = 4; lastKnownFileType = sourcecode.swift; path = PersonInterface.graphql.swift; sourceTree = "<group>"; };
		93DA8A2A2BAA37A400DCA808 /* ProfileInterface.graphql.swift */ = {isa = PBXFileReference; fileEncoding = 4; lastKnownFileType = sourcecode.swift; path = ProfileInterface.graphql.swift; sourceTree = "<group>"; };
		93F6BC0A2B93393B004E6652 /* InitiateEmailConfirm.swift */ = {isa = PBXFileReference; lastKnownFileType = sourcecode.swift; path = InitiateEmailConfirm.swift; sourceTree = "<group>"; };
		93F6BCCC2B9342B0004E6652 /* CheckEmailVerification.swift */ = {isa = PBXFileReference; lastKnownFileType = sourcecode.swift; path = CheckEmailVerification.swift; sourceTree = "<group>"; };
		93F6BCCE2B9343B6004E6652 /* PrimaryButton.swift */ = {isa = PBXFileReference; lastKnownFileType = sourcecode.swift; path = PrimaryButton.swift; sourceTree = "<group>"; };
		93F6BCD02B934693004E6652 /* DeepLinkManager.swift */ = {isa = PBXFileReference; lastKnownFileType = sourcecode.swift; path = DeepLinkManager.swift; sourceTree = "<group>"; };
		93F6BCD22B934950004E6652 /* AppDelegate.swift */ = {isa = PBXFileReference; lastKnownFileType = sourcecode.swift; path = AppDelegate.swift; sourceTree = "<group>"; };
/* End PBXFileReference section */

/* Begin PBXFrameworksBuildPhase section */
		93898E492B6E0A970001D68F /* Frameworks */ = {
			isa = PBXFrameworksBuildPhase;
			buildActionMask = 2147483647;
			files = (
				933E5E062B77EEA500A83602 /* KeychainAccess in Frameworks */,
				933E5DF62B76DF4D00A83602 /* MarkdownUI in Frameworks */,
				933E5DEE2B707E7500A83602 /* Kingfisher in Frameworks */,
				933A6AA72B70251B004DE491 /* Apollo in Frameworks */,
			);
			runOnlyForDeploymentPostprocessing = 0;
		};
		93898E592B6E0A990001D68F /* Frameworks */ = {
			isa = PBXFrameworksBuildPhase;
			buildActionMask = 2147483647;
			files = (
			);
			runOnlyForDeploymentPostprocessing = 0;
		};
		93898E632B6E0A990001D68F /* Frameworks */ = {
			isa = PBXFrameworksBuildPhase;
			buildActionMask = 2147483647;
			files = (
			);
			runOnlyForDeploymentPostprocessing = 0;
		};
/* End PBXFrameworksBuildPhase section */

/* Begin PBXGroup section */
		93026AAF2BA35574008DE777 /* Account Page */ = {
			isa = PBXGroup;
			children = (
				933E5DFC2B76FDC600A83602 /* Account.swift */,
				93026AB02BA35589008DE777 /* IncompleteAccount.swift */,
				93026AB22BA36553008DE777 /* CompleteAccount.swift */,
				93DA89122BA8A05900DCA808 /* ProfileHeader.swift */,
			);
			path = "Account Page";
			sourceTree = "<group>";
		};
		933A6AA92B702DBB004DE491 /* graphql */ = {
			isa = PBXGroup;
			children = (
				93DA89EE2BAA37A400DCA808 /* __generated__ */,
				933A6AA82B702CFA004DE491 /* apollo-codegen-config.json */,
				933A6AAA2B703690004DE491 /* queries.graphql */,
				936E60922B8ED9F80092EA59 /* account.graphql */,
				933A6ABF2B704715004DE491 /* AuthorizedApolloClient.swift */,
			);
			path = graphql;
			sourceTree = "<group>";
		};
		933A6AD82B7073F0004DE491 /* Frameworks */ = {
			isa = PBXGroup;
			children = (
			);
			name = Frameworks;
			sourceTree = "<group>";
		};
		933B78AD2B87EBE6009CBC27 /* UI */ = {
			isa = PBXGroup;
			children = (
				933B78AE2B87EBFC009CBC27 /* ContentRow */,
				933B78AB2B87E77B009CBC27 /* ImageStack.swift */,
				933B78A72B87E757009CBC27 /* URLImage.swift */,
				933B78A52B87E736009CBC27 /* Font.swift */,
				933B78A32B87E721009CBC27 /* Color.swift */,
			);
			path = UI;
			sourceTree = "<group>";
		};
		933B78AE2B87EBFC009CBC27 /* ContentRow */ = {
			isa = PBXGroup;
			children = (
				933A6AA32B6E0BF2004DE491 /* ContentRow.swift */,
				933B78A12B87E4E0009CBC27 /* WatchListButton.swift */,
				933B789F2B87E4B1009CBC27 /* ContentRowViewModel.swift */,
				933B7A002B8B8A39009CBC27 /* WatchListViewModel.swift */,
			);
			path = ContentRow;
			sourceTree = "<group>";
		};
		933B78AF2B87EC10009CBC27 /* Account */ = {
			isa = PBXGroup;
			children = (
				93026AAF2BA35574008DE777 /* Account Page */,
				93D3C3E72B98959200759104 /* Auth Providers */,
				933E5DF82B76E19300A83602 /* Changelog.swift */,
				93D3C3DE2B96388400759104 /* Profile.swift */,
				93D3C3E02B9638B000759104 /* ProfileImage.swift */,
				936E60F22B8EE02F0092EA59 /* CompleteAccountBenefits.swift */,
				936E60F02B8EDD900092EA59 /* Settings.swift */,
				936E60902B8ECC220092EA59 /* CompleteAccountForm.swift */,
				93D3C3DC2B95EDBD00759104 /* AccountCompletionController.swift */,
				93F6BCCC2B9342B0004E6652 /* CheckEmailVerification.swift */,
				93F6BCCE2B9343B6004E6652 /* PrimaryButton.swift */,
				93DA89102BA8632500DCA808 /* SecondaryButton.swift */,
				93F6BC0A2B93393B004E6652 /* InitiateEmailConfirm.swift */,
				936E61522B8F12A00092EA59 /* UsernameAvailabilityIndicator.swift */,
				933E5E022B77A76000A83602 /* DeviceRegister.swift */,
				933E5E082B77F1D900A83602 /* SessionManager.swift */,
			);
			path = Account;
			sourceTree = "<group>";
		};
		933E5DFB2B76E7C500A83602 /* Resources */ = {
			isa = PBXGroup;
			children = (
				933E5DF72B76E17300A83602 /* CHANGELOG.md */,
				93898E532B6E0A980001D68F /* Assets.xcassets */,
			);
			path = Resources;
			sourceTree = "<group>";
		};
		93898E432B6E0A970001D68F = {
			isa = PBXGroup;
			children = (
				93898E4E2B6E0A970001D68F /* Cut */,
				93898E5F2B6E0A990001D68F /* CutTests */,
				93898E692B6E0A990001D68F /* CutUITests */,
				93898E4D2B6E0A970001D68F /* Products */,
				933A6AD82B7073F0004DE491 /* Frameworks */,
			);
			sourceTree = "<group>";
		};
		93898E4D2B6E0A970001D68F /* Products */ = {
			isa = PBXGroup;
			children = (
				93898E4C2B6E0A970001D68F /* Cut.app */,
				93898E5C2B6E0A990001D68F /* CutTests.xctest */,
				93898E662B6E0A990001D68F /* CutUITests.xctest */,
			);
			name = Products;
			sourceTree = "<group>";
		};
		93898E4E2B6E0A970001D68F /* Cut */ = {
			isa = PBXGroup;
			children = (
				93D3C3E22B97806D00759104 /* Info.plist */,
				933E5E072B77EF9100A83602 /* Cut.entitlements */,
				933B77612B856F57009CBC27 /* Browse.swift */,
				933B78B22B89AE42009CBC27 /* DetailView.swift */,
				933B79AE2B8AF6B3009CBC27 /* RatingCirlce.swift */,
				933B79602B8AD5AD009CBC27 /* WrappingHStack.swift */,
				93898E4F2B6E0A970001D68F /* CutApp.swift */,
				93898E512B6E0A970001D68F /* Root.swift */,
				933E5DFE2B77137500A83602 /* Search.swift */,
				933B77632B857009009CBC27 /* WatchList.swift */,
				933B79202B8AC6E9009CBC27 /* Mocks.swift */,
				93F6BCD22B934950004E6652 /* AppDelegate.swift */,
				93D3C4482B9F6AA000759104 /* SceneDelegate.swift */,
				93F6BCD02B934693004E6652 /* DeepLinkManager.swift */,
				933B78AF2B87EC10009CBC27 /* Account */,
				933A6AA92B702DBB004DE491 /* graphql */,
				93898E552B6E0A980001D68F /* Preview Content */,
				933E5DFB2B76E7C500A83602 /* Resources */,
				933B78AD2B87EBE6009CBC27 /* UI */,
			);
			path = Cut;
			sourceTree = "<group>";
		};
		93898E552B6E0A980001D68F /* Preview Content */ = {
			isa = PBXGroup;
			children = (
				93898E562B6E0A980001D68F /* Preview Assets.xcassets */,
			);
			path = "Preview Content";
			sourceTree = "<group>";
		};
		93898E5F2B6E0A990001D68F /* CutTests */ = {
			isa = PBXGroup;
			children = (
				93898E602B6E0A990001D68F /* CutTests.swift */,
			);
			path = CutTests;
			sourceTree = "<group>";
		};
		93898E692B6E0A990001D68F /* CutUITests */ = {
			isa = PBXGroup;
			children = (
				93898E6A2B6E0A990001D68F /* CutUITests.swift */,
				93898E6C2B6E0A990001D68F /* CutUITestsLaunchTests.swift */,
			);
			path = CutUITests;
			sourceTree = "<group>";
		};
		93D3C3E72B98959200759104 /* Auth Providers */ = {
			isa = PBXGroup;
			children = (
			);
			path = "Auth Providers";
			sourceTree = "<group>";
		};
		93DA89EE2BAA37A400DCA808 /* __generated__ */ = {
			isa = PBXGroup;
			children = (
				93DA89EF2BAA37A400DCA808 /* Fragments */,
				93DA89F92BAA37A400DCA808 /* CutGraphQL.graphql.swift */,
				93DA89FA2BAA37A400DCA808 /* LocalCacheMutations */,
				93DA89FE2BAA37A400DCA808 /* Operations */,
				93DA8A0C2BAA37A400DCA808 /* Schema */,
			);
			path = __generated__;
			sourceTree = "<group>";
		};
		93DA89EF2BAA37A400DCA808 /* Fragments */ = {
			isa = PBXGroup;
			children = (
				93DA89F02BAA37A400DCA808 /* ActorFragment.graphql.swift */,
				93DA89F12BAA37A400DCA808 /* MovieFragment.graphql.swift */,
				93DA89F22BAA37A400DCA808 /* CompleteAccountFragment.graphql.swift */,
				93DA89F32BAA37A400DCA808 /* WatchProviderFragment.graphql.swift */,
				93DA89F42BAA37A400DCA808 /* PersonFragment.graphql.swift */,
				93DA89F52BAA37A400DCA808 /* ProfileFragment.graphql.swift */,
				93DA89F62BAA37A400DCA808 /* PersonInterfaceFragment.graphql.swift */,
				93DA89F72BAA37A400DCA808 /* ProductionCountryFragment.graphql.swift */,
				93DA89F82BAA37A400DCA808 /* ExtendedMovieFragment.graphql.swift */,
			);
			path = Fragments;
			sourceTree = "<group>";
		};
		93DA89FA2BAA37A400DCA808 /* LocalCacheMutations */ = {
			isa = PBXGroup;
			children = (
				93DA89FB2BAA37A400DCA808 /* MutableMovieFragment.graphql.swift */,
				93DA89FC2BAA37A400DCA808 /* WatchListMutationLocalCacheMutation.graphql.swift */,
				93DA89FD2BAA37A400DCA808 /* MutableExtendedMovieFragment.graphql.swift */,
			);
			path = LocalCacheMutations;
			sourceTree = "<group>";
		};
		93DA89FE2BAA37A400DCA808 /* Operations */ = {
			isa = PBXGroup;
			children = (
				93DA89FF2BAA37A400DCA808 /* Mutations */,
				93DA8A042BAA37A400DCA808 /* Queries */,
			);
			path = Operations;
			sourceTree = "<group>";
		};
		93DA89FF2BAA37A400DCA808 /* Mutations */ = {
			isa = PBXGroup;
			children = (
				93DA8A002BAA37A400DCA808 /* CompleteAccountMutation.graphql.swift */,
				93DA8A012BAA37A400DCA808 /* AddToWatchListMutation.graphql.swift */,
				93DA8A022BAA37A400DCA808 /* SignUpMutation.graphql.swift */,
				93DA8A032BAA37A400DCA808 /* RemoveFromWatchListMutation.graphql.swift */,
			);
			path = Mutations;
			sourceTree = "<group>";
		};
		93DA8A042BAA37A400DCA808 /* Queries */ = {
			isa = PBXGroup;
			children = (
				93DA8A052BAA37A400DCA808 /* CheckUsernameAvailabilityQuery.graphql.swift */,
				93DA8A062BAA37A400DCA808 /* SearchQuery.graphql.swift */,
				93DA8A072BAA37A400DCA808 /* InitiateEmailVerificationQuery.graphql.swift */,
				93DA8A082BAA37A400DCA808 /* MovieQuery.graphql.swift */,
				93DA8A092BAA37A400DCA808 /* WatchListQuery.graphql.swift */,
				93DA8A0A2BAA37A400DCA808 /* GetAccountQuery.graphql.swift */,
				93DA8A0B2BAA37A400DCA808 /* MoviesQuery.graphql.swift */,
			);
			path = Queries;
			sourceTree = "<group>";
		};
		93DA8A0C2BAA37A400DCA808 /* Schema */ = {
			isa = PBXGroup;
			children = (
				93DA8A0D2BAA37A400DCA808 /* Unions */,
				93DA8A0F2BAA37A400DCA808 /* Enums */,
				93DA8A122BAA37A400DCA808 /* Objects */,
				93DA8A232BAA37A400DCA808 /* SchemaConfiguration.swift */,
				93DA8A242BAA37A400DCA808 /* InputObjects */,
				93DA8A262BAA37A400DCA808 /* SchemaMetadata.graphql.swift */,
				93DA8A272BAA37A400DCA808 /* Interfaces */,
			);
			path = Schema;
			sourceTree = "<group>";
		};
		93DA8A0D2BAA37A400DCA808 /* Unions */ = {
			isa = PBXGroup;
			children = (
				93DA8A0E2BAA37A400DCA808 /* AccountUnion.graphql.swift */,
			);
			path = Unions;
			sourceTree = "<group>";
		};
		93DA8A0F2BAA37A400DCA808 /* Enums */ = {
			isa = PBXGroup;
			children = (
				93DA8A102BAA37A400DCA808 /* Collection.graphql.swift */,
				93DA8A112BAA37A400DCA808 /* PersonRole.graphql.swift */,
			);
			path = Enums;
			sourceTree = "<group>";
		};
		93DA8A122BAA37A400DCA808 /* Objects */ = {
			isa = PBXGroup;
			children = (
				93DA8A132BAA37A400DCA808 /* WatchProviders.graphql.swift */,
				93DA8A142BAA37A400DCA808 /* IncompleteAccount.graphql.swift */,
				93DA8A152BAA37A400DCA808 /* ProductionCountry.graphql.swift */,
				93DA8A162BAA37A400DCA808 /* Profile.graphql.swift */,
				93DA8A172BAA37A400DCA808 /* Person.graphql.swift */,
				93DA8A182BAA37A400DCA808 /* Movie.graphql.swift */,
				93DA8A192BAA37A400DCA808 /* ExtendedMovie.graphql.swift */,
				93DA8A1A2BAA37A400DCA808 /* CompleteAccountResult.graphql.swift */,
				93DA8A1B2BAA37A400DCA808 /* Mutation.graphql.swift */,
				93DA8A1C2BAA37A400DCA808 /* Actor.graphql.swift */,
				93DA8A1D2BAA37A400DCA808 /* WatchProvider.graphql.swift */,
				93DA8A1E2BAA37A400DCA808 /* Query.graphql.swift */,
				93DA8A1F2BAA37A400DCA808 /* Device.graphql.swift */,
				93DA8A202BAA37A400DCA808 /* WatchListMutationResult.graphql.swift */,
				93DA8A212BAA37A400DCA808 /* Genre.graphql.swift */,
				93DA8A222BAA37A400DCA808 /* CompleteAccount.graphql.swift */,
			);
			path = Objects;
			sourceTree = "<group>";
		};
		93DA8A242BAA37A400DCA808 /* InputObjects */ = {
			isa = PBXGroup;
			children = (
				93DA8A252BAA37A400DCA808 /* CompleteAccountInput.graphql.swift */,
			);
			path = InputObjects;
			sourceTree = "<group>";
		};
		93DA8A272BAA37A400DCA808 /* Interfaces */ = {
			isa = PBXGroup;
			children = (
				93DA8A282BAA37A400DCA808 /* MovieInterface.graphql.swift */,
				93DA8A292BAA37A400DCA808 /* PersonInterface.graphql.swift */,
				93DA8A2A2BAA37A400DCA808 /* ProfileInterface.graphql.swift */,
			);
			path = Interfaces;
			sourceTree = "<group>";
		};
/* End PBXGroup section */

/* Begin PBXNativeTarget section */
		93898E4B2B6E0A970001D68F /* Cut */ = {
			isa = PBXNativeTarget;
			buildConfigurationList = 93898E702B6E0A990001D68F /* Build configuration list for PBXNativeTarget "Cut" */;
			buildPhases = (
				93898E482B6E0A970001D68F /* Sources */,
				93898E492B6E0A970001D68F /* Frameworks */,
				93898E4A2B6E0A970001D68F /* Resources */,
			);
			buildRules = (
			);
			dependencies = (
			);
			name = Cut;
			packageProductDependencies = (
				933A6AA62B70251B004DE491 /* Apollo */,
				933E5DED2B707E7500A83602 /* Kingfisher */,
				933E5DF52B76DF4D00A83602 /* MarkdownUI */,
				933E5E052B77EEA500A83602 /* KeychainAccess */,
			);
			productName = Cut;
			productReference = 93898E4C2B6E0A970001D68F /* Cut.app */;
			productType = "com.apple.product-type.application";
		};
		93898E5B2B6E0A990001D68F /* CutTests */ = {
			isa = PBXNativeTarget;
			buildConfigurationList = 93898E732B6E0A990001D68F /* Build configuration list for PBXNativeTarget "CutTests" */;
			buildPhases = (
				93898E582B6E0A990001D68F /* Sources */,
				93898E592B6E0A990001D68F /* Frameworks */,
				93898E5A2B6E0A990001D68F /* Resources */,
			);
			buildRules = (
			);
			dependencies = (
				93898E5E2B6E0A990001D68F /* PBXTargetDependency */,
			);
			name = CutTests;
			productName = CutTests;
			productReference = 93898E5C2B6E0A990001D68F /* CutTests.xctest */;
			productType = "com.apple.product-type.bundle.unit-test";
		};
		93898E652B6E0A990001D68F /* CutUITests */ = {
			isa = PBXNativeTarget;
			buildConfigurationList = 93898E762B6E0A990001D68F /* Build configuration list for PBXNativeTarget "CutUITests" */;
			buildPhases = (
				93898E622B6E0A990001D68F /* Sources */,
				93898E632B6E0A990001D68F /* Frameworks */,
				93898E642B6E0A990001D68F /* Resources */,
			);
			buildRules = (
			);
			dependencies = (
				93898E682B6E0A990001D68F /* PBXTargetDependency */,
			);
			name = CutUITests;
			productName = CutUITests;
			productReference = 93898E662B6E0A990001D68F /* CutUITests.xctest */;
			productType = "com.apple.product-type.bundle.ui-testing";
		};
/* End PBXNativeTarget section */

/* Begin PBXProject section */
		93898E442B6E0A970001D68F /* Project object */ = {
			isa = PBXProject;
			attributes = {
				BuildIndependentTargetsInParallel = 1;
				LastSwiftUpdateCheck = 1500;
				LastUpgradeCheck = 1500;
				TargetAttributes = {
					93898E4B2B6E0A970001D68F = {
						CreatedOnToolsVersion = 15.0;
					};
					93898E5B2B6E0A990001D68F = {
						CreatedOnToolsVersion = 15.0;
						TestTargetID = 93898E4B2B6E0A970001D68F;
					};
					93898E652B6E0A990001D68F = {
						CreatedOnToolsVersion = 15.0;
						TestTargetID = 93898E4B2B6E0A970001D68F;
					};
				};
			};
			buildConfigurationList = 93898E472B6E0A970001D68F /* Build configuration list for PBXProject "Cut" */;
			compatibilityVersion = "Xcode 14.0";
			developmentRegion = en;
			hasScannedForEncodings = 0;
			knownRegions = (
				en,
				Base,
			);
			mainGroup = 93898E432B6E0A970001D68F;
			packageReferences = (
				933A6AA52B70251B004DE491 /* XCRemoteSwiftPackageReference "apollo-ios" */,
				933E5DEC2B707E7500A83602 /* XCRemoteSwiftPackageReference "Kingfisher" */,
				933E5DF42B76DF4D00A83602 /* XCRemoteSwiftPackageReference "swift-markdown-ui" */,
				933E5E042B77EEA500A83602 /* XCRemoteSwiftPackageReference "KeychainAccess" */,
			);
			productRefGroup = 93898E4D2B6E0A970001D68F /* Products */;
			projectDirPath = "";
			projectRoot = "";
			targets = (
				93898E4B2B6E0A970001D68F /* Cut */,
				93898E5B2B6E0A990001D68F /* CutTests */,
				93898E652B6E0A990001D68F /* CutUITests */,
			);
		};
/* End PBXProject section */

/* Begin PBXResourcesBuildPhase section */
		93898E4A2B6E0A970001D68F /* Resources */ = {
			isa = PBXResourcesBuildPhase;
			buildActionMask = 2147483647;
			files = (
				93898E572B6E0A980001D68F /* Preview Assets.xcassets in Resources */,
				936E60932B8ED9F80092EA59 /* account.graphql in Resources */,
				93898E542B6E0A980001D68F /* Assets.xcassets in Resources */,
				933E5DFA2B76E24400A83602 /* CHANGELOG.md in Resources */,
			);
			runOnlyForDeploymentPostprocessing = 0;
		};
		93898E5A2B6E0A990001D68F /* Resources */ = {
			isa = PBXResourcesBuildPhase;
			buildActionMask = 2147483647;
			files = (
			);
			runOnlyForDeploymentPostprocessing = 0;
		};
		93898E642B6E0A990001D68F /* Resources */ = {
			isa = PBXResourcesBuildPhase;
			buildActionMask = 2147483647;
			files = (
			);
			runOnlyForDeploymentPostprocessing = 0;
		};
/* End PBXResourcesBuildPhase section */

/* Begin PBXSourcesBuildPhase section */
		93898E482B6E0A970001D68F /* Sources */ = {
			isa = PBXSourcesBuildPhase;
			buildActionMask = 2147483647;
			files = (
				93F6BC0B2B93393B004E6652 /* InitiateEmailConfirm.swift in Sources */,
				93DA8A452BAA37A400DCA808 /* PersonRole.graphql.swift in Sources */,
				93DA8A2E2BAA37A400DCA808 /* WatchProviderFragment.graphql.swift in Sources */,
				936E60F32B8EE02F0092EA59 /* CompleteAccountBenefits.swift in Sources */,
				933B78A42B87E721009CBC27 /* Color.swift in Sources */,
				93DA8A2D2BAA37A400DCA808 /* CompleteAccountFragment.graphql.swift in Sources */,
				93898E522B6E0A970001D68F /* Root.swift in Sources */,
				933E5DF92B76E19300A83602 /* Changelog.swift in Sources */,
				93DA8A5B2BAA37A400DCA808 /* ProfileInterface.graphql.swift in Sources */,
				933B79212B8AC6E9009CBC27 /* Mocks.swift in Sources */,
				933B78A02B87E4B1009CBC27 /* ContentRowViewModel.swift in Sources */,
				93DA8A372BAA37A400DCA808 /* MutableExtendedMovieFragment.graphql.swift in Sources */,
				93DA89112BA8632500DCA808 /* SecondaryButton.swift in Sources */,
				93DA8A472BAA37A400DCA808 /* IncompleteAccount.graphql.swift in Sources */,
				933E5E032B77A76000A83602 /* DeviceRegister.swift in Sources */,
				93D3C3E12B9638B000759104 /* ProfileImage.swift in Sources */,
				93DA8A342BAA37A400DCA808 /* CutGraphQL.graphql.swift in Sources */,
				933B78A62B87E736009CBC27 /* Font.swift in Sources */,
				93DA8A522BAA37A400DCA808 /* Device.graphql.swift in Sources */,
				93DA8A312BAA37A400DCA808 /* PersonInterfaceFragment.graphql.swift in Sources */,
				93DA8A302BAA37A400DCA808 /* ProfileFragment.graphql.swift in Sources */,
				93F6BCD12B934693004E6652 /* DeepLinkManager.swift in Sources */,
				93DA8A332BAA37A400DCA808 /* ExtendedMovieFragment.graphql.swift in Sources */,
				93DA8A422BAA37A400DCA808 /* MoviesQuery.graphql.swift in Sources */,
				933E5DFF2B77137500A83602 /* Search.swift in Sources */,
				933A6AA42B6E0BF2004DE491 /* ContentRow.swift in Sources */,
				933E5DFD2B76FDC600A83602 /* Account.swift in Sources */,
				93DA89132BA8A05900DCA808 /* ProfileHeader.swift in Sources */,
				93898E502B6E0A970001D68F /* CutApp.swift in Sources */,
				93DA8A582BAA37A400DCA808 /* SchemaMetadata.graphql.swift in Sources */,
				93DA8A572BAA37A400DCA808 /* CompleteAccountInput.graphql.swift in Sources */,
				93DA8A3E2BAA37A400DCA808 /* InitiateEmailVerificationQuery.graphql.swift in Sources */,
				933A6AC02B704715004DE491 /* AuthorizedApolloClient.swift in Sources */,
				93DA8A3F2BAA37A400DCA808 /* MovieQuery.graphql.swift in Sources */,
				936E61532B8F12A00092EA59 /* UsernameAvailabilityIndicator.swift in Sources */,
				93DA8A532BAA37A400DCA808 /* WatchListMutationResult.graphql.swift in Sources */,
				93F6BCCF2B9343B6004E6652 /* PrimaryButton.swift in Sources */,
				93DA8A492BAA37A400DCA808 /* Profile.graphql.swift in Sources */,
				93DA8A2C2BAA37A400DCA808 /* MovieFragment.graphql.swift in Sources */,
				93DA8A2F2BAA37A400DCA808 /* PersonFragment.graphql.swift in Sources */,
				933E5E092B77F1D900A83602 /* SessionManager.swift in Sources */,
				93DA8A382BAA37A400DCA808 /* CompleteAccountMutation.graphql.swift in Sources */,
				93DA8A552BAA37A400DCA808 /* CompleteAccount.graphql.swift in Sources */,
				93DA8A402BAA37A400DCA808 /* WatchListQuery.graphql.swift in Sources */,
				93DA8A4A2BAA37A400DCA808 /* Person.graphql.swift in Sources */,
				93DA8A3B2BAA37A400DCA808 /* RemoveFromWatchListMutation.graphql.swift in Sources */,
				93F6BCCD2B9342B0004E6652 /* CheckEmailVerification.swift in Sources */,
				93DA8A352BAA37A400DCA808 /* MutableMovieFragment.graphql.swift in Sources */,
				93DA8A3C2BAA37A400DCA808 /* CheckUsernameAvailabilityQuery.graphql.swift in Sources */,
				93F6BCD32B934950004E6652 /* AppDelegate.swift in Sources */,
				93DA8A432BAA37A400DCA808 /* AccountUnion.graphql.swift in Sources */,
				93DA8A392BAA37A400DCA808 /* AddToWatchListMutation.graphql.swift in Sources */,
				93D3C4492B9F6AA000759104 /* SceneDelegate.swift in Sources */,
				93DA8A2B2BAA37A400DCA808 /* ActorFragment.graphql.swift in Sources */,
				93DA8A562BAA37A400DCA808 /* SchemaConfiguration.swift in Sources */,
				93D3C3DD2B95EDBD00759104 /* AccountCompletionController.swift in Sources */,
				933B79612B8AD5AD009CBC27 /* WrappingHStack.swift in Sources */,
				93DA8A542BAA37A400DCA808 /* Genre.graphql.swift in Sources */,
				933B78B32B89AE42009CBC27 /* DetailView.swift in Sources */,
				93026AB12BA35589008DE777 /* IncompleteAccount.swift in Sources */,
				93DA8A3A2BAA37A400DCA808 /* SignUpMutation.graphql.swift in Sources */,
				933B77642B857009009CBC27 /* WatchList.swift in Sources */,
				93DA8A5A2BAA37A400DCA808 /* PersonInterface.graphql.swift in Sources */,
				93DA8A4D2BAA37A400DCA808 /* CompleteAccountResult.graphql.swift in Sources */,
				93DA8A512BAA37A400DCA808 /* Query.graphql.swift in Sources */,
				93DA8A462BAA37A400DCA808 /* WatchProviders.graphql.swift in Sources */,
				93DA8A4F2BAA37A400DCA808 /* Actor.graphql.swift in Sources */,
				93DA8A592BAA37A400DCA808 /* MovieInterface.graphql.swift in Sources */,
				933B77622B856F57009CBC27 /* Browse.swift in Sources */,
				933B78A82B87E757009CBC27 /* URLImage.swift in Sources */,
				93DA8A442BAA37A400DCA808 /* Collection.graphql.swift in Sources */,
				933B78AC2B87E77B009CBC27 /* ImageStack.swift in Sources */,
				93DA8A4B2BAA37A400DCA808 /* Movie.graphql.swift in Sources */,
				936E60F12B8EDD900092EA59 /* Settings.swift in Sources */,
				933B7A012B8B8A39009CBC27 /* WatchListViewModel.swift in Sources */,
				933B79AF2B8AF6B3009CBC27 /* RatingCirlce.swift in Sources */,
				93DA8A322BAA37A400DCA808 /* ProductionCountryFragment.graphql.swift in Sources */,
				93DA8A4E2BAA37A400DCA808 /* Mutation.graphql.swift in Sources */,
				936E60912B8ECC220092EA59 /* CompleteAccountForm.swift in Sources */,
				93DA8A482BAA37A400DCA808 /* ProductionCountry.graphql.swift in Sources */,
				93DA8A412BAA37A400DCA808 /* GetAccountQuery.graphql.swift in Sources */,
				933B78A22B87E4E0009CBC27 /* WatchListButton.swift in Sources */,
				93026AB32BA36553008DE777 /* CompleteAccount.swift in Sources */,
				93DA8A3D2BAA37A400DCA808 /* SearchQuery.graphql.swift in Sources */,
				93DA8A502BAA37A400DCA808 /* WatchProvider.graphql.swift in Sources */,
				93DA8A4C2BAA37A400DCA808 /* ExtendedMovie.graphql.swift in Sources */,
				93DA8A362BAA37A400DCA808 /* WatchListMutationLocalCacheMutation.graphql.swift in Sources */,
				93D3C3DF2B96388400759104 /* Profile.swift in Sources */,
			);
			runOnlyForDeploymentPostprocessing = 0;
		};
		93898E582B6E0A990001D68F /* Sources */ = {
			isa = PBXSourcesBuildPhase;
			buildActionMask = 2147483647;
			files = (
				93898E612B6E0A990001D68F /* CutTests.swift in Sources */,
			);
			runOnlyForDeploymentPostprocessing = 0;
		};
		93898E622B6E0A990001D68F /* Sources */ = {
			isa = PBXSourcesBuildPhase;
			buildActionMask = 2147483647;
			files = (
				93898E6B2B6E0A990001D68F /* CutUITests.swift in Sources */,
				93898E6D2B6E0A990001D68F /* CutUITestsLaunchTests.swift in Sources */,
			);
			runOnlyForDeploymentPostprocessing = 0;
		};
/* End PBXSourcesBuildPhase section */

/* Begin PBXTargetDependency section */
		93898E5E2B6E0A990001D68F /* PBXTargetDependency */ = {
			isa = PBXTargetDependency;
			target = 93898E4B2B6E0A970001D68F /* Cut */;
			targetProxy = 93898E5D2B6E0A990001D68F /* PBXContainerItemProxy */;
		};
		93898E682B6E0A990001D68F /* PBXTargetDependency */ = {
			isa = PBXTargetDependency;
			target = 93898E4B2B6E0A970001D68F /* Cut */;
			targetProxy = 93898E672B6E0A990001D68F /* PBXContainerItemProxy */;
		};
/* End PBXTargetDependency section */

/* Begin XCBuildConfiguration section */
		933E5DF02B71B0F300A83602 /* Debug - Prod */ = {
			isa = XCBuildConfiguration;
			buildSettings = {
				ALWAYS_SEARCH_USER_PATHS = NO;
				ASSETCATALOG_COMPILER_GENERATE_SWIFT_ASSET_SYMBOL_EXTENSIONS = YES;
				CLANG_ANALYZER_NONNULL = YES;
				CLANG_ANALYZER_NUMBER_OBJECT_CONVERSION = YES_AGGRESSIVE;
				CLANG_CXX_LANGUAGE_STANDARD = "gnu++20";
				CLANG_ENABLE_MODULES = YES;
				CLANG_ENABLE_OBJC_ARC = YES;
				CLANG_ENABLE_OBJC_WEAK = YES;
				CLANG_WARN_BLOCK_CAPTURE_AUTORELEASING = YES;
				CLANG_WARN_BOOL_CONVERSION = YES;
				CLANG_WARN_COMMA = YES;
				CLANG_WARN_CONSTANT_CONVERSION = YES;
				CLANG_WARN_DEPRECATED_OBJC_IMPLEMENTATIONS = YES;
				CLANG_WARN_DIRECT_OBJC_ISA_USAGE = YES_ERROR;
				CLANG_WARN_DOCUMENTATION_COMMENTS = YES;
				CLANG_WARN_EMPTY_BODY = YES;
				CLANG_WARN_ENUM_CONVERSION = YES;
				CLANG_WARN_INFINITE_RECURSION = YES;
				CLANG_WARN_INT_CONVERSION = YES;
				CLANG_WARN_NON_LITERAL_NULL_CONVERSION = YES;
				CLANG_WARN_OBJC_IMPLICIT_RETAIN_SELF = YES;
				CLANG_WARN_OBJC_LITERAL_CONVERSION = YES;
				CLANG_WARN_OBJC_ROOT_CLASS = YES_ERROR;
				CLANG_WARN_QUOTED_INCLUDE_IN_FRAMEWORK_HEADER = YES;
				CLANG_WARN_RANGE_LOOP_ANALYSIS = YES;
				CLANG_WARN_STRICT_PROTOTYPES = YES;
				CLANG_WARN_SUSPICIOUS_MOVE = YES;
				CLANG_WARN_UNGUARDED_AVAILABILITY = YES_AGGRESSIVE;
				CLANG_WARN_UNREACHABLE_CODE = YES;
				CLANG_WARN__DUPLICATE_METHOD_MATCH = YES;
				CODE_SIGN_IDENTITY = "Apple Development: Kyle Satti (58XTJ49PSQ)";
				COPY_PHASE_STRIP = NO;
				CURRENT_PROJECT_VERSION = 1;
				DEBUG_INFORMATION_FORMAT = dwarf;
				DEVELOPMENT_TEAM = X2TBSUCASC;
				ENABLE_STRICT_OBJC_MSGSEND = YES;
				ENABLE_TESTABILITY = YES;
				ENABLE_USER_SCRIPT_SANDBOXING = YES;
				GCC_C_LANGUAGE_STANDARD = gnu17;
				GCC_DYNAMIC_NO_PIC = NO;
				GCC_NO_COMMON_BLOCKS = YES;
				GCC_OPTIMIZATION_LEVEL = 0;
				GCC_PREPROCESSOR_DEFINITIONS = (
					"DEBUG=1",
					"$(inherited)",
				);
				GCC_WARN_64_TO_32_BIT_CONVERSION = YES;
				GCC_WARN_ABOUT_RETURN_TYPE = YES_ERROR;
				GCC_WARN_UNDECLARED_SELECTOR = YES;
				GCC_WARN_UNINITIALIZED_AUTOS = YES_AGGRESSIVE;
				GCC_WARN_UNUSED_FUNCTION = YES;
				GCC_WARN_UNUSED_VARIABLE = YES;
				IPHONEOS_DEPLOYMENT_TARGET = 17.0;
				LOCALIZATION_PREFERS_STRING_CATALOGS = YES;
				MARKETING_VERSION = 0.0.1;
				MTL_ENABLE_DEBUG_INFO = INCLUDE_SOURCE;
				MTL_FAST_MATH = YES;
				ONLY_ACTIVE_ARCH = YES;
				SDKROOT = iphoneos;
				SWIFT_ACTIVE_COMPILATION_CONDITIONS = "DEBUG $(inherited) PROD_API";
				SWIFT_OPTIMIZATION_LEVEL = "-Onone";
			};
			name = "Debug - Prod";
		};
		933E5DF12B71B0F300A83602 /* Debug - Prod */ = {
			isa = XCBuildConfiguration;
			buildSettings = {
				ASSETCATALOG_COMPILER_APPICON_NAME = AppIcon;
				ASSETCATALOG_COMPILER_GLOBAL_ACCENT_COLOR_NAME = AccentColor;
				CODE_SIGN_ENTITLEMENTS = Cut/Cut.entitlements;
				CODE_SIGN_STYLE = Manual;
				DEVELOPMENT_ASSET_PATHS = "\"Cut/Preview Content\"";
				ENABLE_PREVIEWS = YES;
				GENERATE_INFOPLIST_FILE = YES;
				INFOPLIST_FILE = Cut/Info.plist;
				INFOPLIST_KEY_UIApplicationSceneManifest_Generation = YES;
				INFOPLIST_KEY_UIApplicationSupportsIndirectInputEvents = YES;
				INFOPLIST_KEY_UILaunchScreen_Generation = YES;
				INFOPLIST_KEY_UISupportedInterfaceOrientations_iPad = "UIInterfaceOrientationPortrait UIInterfaceOrientationPortraitUpsideDown UIInterfaceOrientationLandscapeLeft UIInterfaceOrientationLandscapeRight";
				INFOPLIST_KEY_UISupportedInterfaceOrientations_iPhone = "UIInterfaceOrientationPortrait UIInterfaceOrientationLandscapeLeft UIInterfaceOrientationLandscapeRight";
				LD_RUNPATH_SEARCH_PATHS = (
					"$(inherited)",
					"@executable_path/Frameworks",
				);
				PRODUCT_BUNDLE_IDENTIFIER = watch.cut;
				PRODUCT_NAME = "$(TARGET_NAME)";
				PROVISIONING_PROFILE_SPECIFIER = "match Development watch.cut";
				SWIFT_EMIT_LOC_STRINGS = YES;
				SWIFT_VERSION = 5.0;
				TARGETED_DEVICE_FAMILY = "1,2";
			};
			name = "Debug - Prod";
		};
		933E5DF22B71B0F300A83602 /* Debug - Prod */ = {
			isa = XCBuildConfiguration;
			buildSettings = {
				ALWAYS_EMBED_SWIFT_STANDARD_LIBRARIES = YES;
				BUNDLE_LOADER = "$(TEST_HOST)";
				CODE_SIGN_STYLE = Automatic;
				DEVELOPMENT_TEAM = X2TBSUCASC;
				GENERATE_INFOPLIST_FILE = YES;
				IPHONEOS_DEPLOYMENT_TARGET = 17.0;
				PRODUCT_BUNDLE_IDENTIFIER = watch.CutTests;
				PRODUCT_NAME = "$(TARGET_NAME)";
				SWIFT_EMIT_LOC_STRINGS = NO;
				SWIFT_VERSION = 5.0;
				TARGETED_DEVICE_FAMILY = "1,2";
				TEST_HOST = "$(BUILT_PRODUCTS_DIR)/Cut.app/$(BUNDLE_EXECUTABLE_FOLDER_PATH)/Cut";
			};
			name = "Debug - Prod";
		};
		933E5DF32B71B0F300A83602 /* Debug - Prod */ = {
			isa = XCBuildConfiguration;
			buildSettings = {
				ALWAYS_EMBED_SWIFT_STANDARD_LIBRARIES = YES;
				CODE_SIGN_STYLE = Automatic;
				DEVELOPMENT_TEAM = X2TBSUCASC;
				GENERATE_INFOPLIST_FILE = YES;
				PRODUCT_BUNDLE_IDENTIFIER = watch.CutUITests;
				PRODUCT_NAME = "$(TARGET_NAME)";
				SWIFT_EMIT_LOC_STRINGS = NO;
				SWIFT_VERSION = 5.0;
				TARGETED_DEVICE_FAMILY = "1,2";
				TEST_TARGET_NAME = Cut;
			};
			name = "Debug - Prod";
		};
		93898E6E2B6E0A990001D68F /* Debug - Local */ = {
			isa = XCBuildConfiguration;
			buildSettings = {
				ALWAYS_SEARCH_USER_PATHS = NO;
				ASSETCATALOG_COMPILER_GENERATE_SWIFT_ASSET_SYMBOL_EXTENSIONS = YES;
				CLANG_ANALYZER_NONNULL = YES;
				CLANG_ANALYZER_NUMBER_OBJECT_CONVERSION = YES_AGGRESSIVE;
				CLANG_CXX_LANGUAGE_STANDARD = "gnu++20";
				CLANG_ENABLE_MODULES = YES;
				CLANG_ENABLE_OBJC_ARC = YES;
				CLANG_ENABLE_OBJC_WEAK = YES;
				CLANG_WARN_BLOCK_CAPTURE_AUTORELEASING = YES;
				CLANG_WARN_BOOL_CONVERSION = YES;
				CLANG_WARN_COMMA = YES;
				CLANG_WARN_CONSTANT_CONVERSION = YES;
				CLANG_WARN_DEPRECATED_OBJC_IMPLEMENTATIONS = YES;
				CLANG_WARN_DIRECT_OBJC_ISA_USAGE = YES_ERROR;
				CLANG_WARN_DOCUMENTATION_COMMENTS = YES;
				CLANG_WARN_EMPTY_BODY = YES;
				CLANG_WARN_ENUM_CONVERSION = YES;
				CLANG_WARN_INFINITE_RECURSION = YES;
				CLANG_WARN_INT_CONVERSION = YES;
				CLANG_WARN_NON_LITERAL_NULL_CONVERSION = YES;
				CLANG_WARN_OBJC_IMPLICIT_RETAIN_SELF = YES;
				CLANG_WARN_OBJC_LITERAL_CONVERSION = YES;
				CLANG_WARN_OBJC_ROOT_CLASS = YES_ERROR;
				CLANG_WARN_QUOTED_INCLUDE_IN_FRAMEWORK_HEADER = YES;
				CLANG_WARN_RANGE_LOOP_ANALYSIS = YES;
				CLANG_WARN_STRICT_PROTOTYPES = YES;
				CLANG_WARN_SUSPICIOUS_MOVE = YES;
				CLANG_WARN_UNGUARDED_AVAILABILITY = YES_AGGRESSIVE;
				CLANG_WARN_UNREACHABLE_CODE = YES;
				CLANG_WARN__DUPLICATE_METHOD_MATCH = YES;
				CODE_SIGN_IDENTITY = "Apple Development: Kyle Satti (58XTJ49PSQ)";
				COPY_PHASE_STRIP = NO;
				CURRENT_PROJECT_VERSION = 1;
				DEBUG_INFORMATION_FORMAT = dwarf;
				DEVELOPMENT_TEAM = X2TBSUCASC;
				ENABLE_STRICT_OBJC_MSGSEND = YES;
				ENABLE_TESTABILITY = YES;
				ENABLE_USER_SCRIPT_SANDBOXING = YES;
				GCC_C_LANGUAGE_STANDARD = gnu17;
				GCC_DYNAMIC_NO_PIC = NO;
				GCC_NO_COMMON_BLOCKS = YES;
				GCC_OPTIMIZATION_LEVEL = 0;
				GCC_PREPROCESSOR_DEFINITIONS = (
					"DEBUG=1",
					"$(inherited)",
				);
				GCC_WARN_64_TO_32_BIT_CONVERSION = YES;
				GCC_WARN_ABOUT_RETURN_TYPE = YES_ERROR;
				GCC_WARN_UNDECLARED_SELECTOR = YES;
				GCC_WARN_UNINITIALIZED_AUTOS = YES_AGGRESSIVE;
				GCC_WARN_UNUSED_FUNCTION = YES;
				GCC_WARN_UNUSED_VARIABLE = YES;
				IPHONEOS_DEPLOYMENT_TARGET = 17.0;
				LOCALIZATION_PREFERS_STRING_CATALOGS = YES;
				MARKETING_VERSION = 0.0.1;
				MTL_ENABLE_DEBUG_INFO = INCLUDE_SOURCE;
				MTL_FAST_MATH = YES;
				ONLY_ACTIVE_ARCH = YES;
				SDKROOT = iphoneos;
				SWIFT_ACTIVE_COMPILATION_CONDITIONS = "DEBUG $(inherited) LOCAL_API";
				SWIFT_OPTIMIZATION_LEVEL = "-Onone";
			};
			name = "Debug - Local";
		};
		93898E6F2B6E0A990001D68F /* Release */ = {
			isa = XCBuildConfiguration;
			buildSettings = {
				ALWAYS_SEARCH_USER_PATHS = NO;
				ASSETCATALOG_COMPILER_GENERATE_SWIFT_ASSET_SYMBOL_EXTENSIONS = YES;
				CLANG_ANALYZER_NONNULL = YES;
				CLANG_ANALYZER_NUMBER_OBJECT_CONVERSION = YES_AGGRESSIVE;
				CLANG_CXX_LANGUAGE_STANDARD = "gnu++20";
				CLANG_ENABLE_MODULES = YES;
				CLANG_ENABLE_OBJC_ARC = YES;
				CLANG_ENABLE_OBJC_WEAK = YES;
				CLANG_WARN_BLOCK_CAPTURE_AUTORELEASING = YES;
				CLANG_WARN_BOOL_CONVERSION = YES;
				CLANG_WARN_COMMA = YES;
				CLANG_WARN_CONSTANT_CONVERSION = YES;
				CLANG_WARN_DEPRECATED_OBJC_IMPLEMENTATIONS = YES;
				CLANG_WARN_DIRECT_OBJC_ISA_USAGE = YES_ERROR;
				CLANG_WARN_DOCUMENTATION_COMMENTS = YES;
				CLANG_WARN_EMPTY_BODY = YES;
				CLANG_WARN_ENUM_CONVERSION = YES;
				CLANG_WARN_INFINITE_RECURSION = YES;
				CLANG_WARN_INT_CONVERSION = YES;
				CLANG_WARN_NON_LITERAL_NULL_CONVERSION = YES;
				CLANG_WARN_OBJC_IMPLICIT_RETAIN_SELF = YES;
				CLANG_WARN_OBJC_LITERAL_CONVERSION = YES;
				CLANG_WARN_OBJC_ROOT_CLASS = YES_ERROR;
				CLANG_WARN_QUOTED_INCLUDE_IN_FRAMEWORK_HEADER = YES;
				CLANG_WARN_RANGE_LOOP_ANALYSIS = YES;
				CLANG_WARN_STRICT_PROTOTYPES = YES;
				CLANG_WARN_SUSPICIOUS_MOVE = YES;
				CLANG_WARN_UNGUARDED_AVAILABILITY = YES_AGGRESSIVE;
				CLANG_WARN_UNREACHABLE_CODE = YES;
				CLANG_WARN__DUPLICATE_METHOD_MATCH = YES;
				CODE_SIGN_IDENTITY = "Apple Distribution: Kyle Satti (X2TBSUCASC)";
				COPY_PHASE_STRIP = NO;
				CURRENT_PROJECT_VERSION = 1;
				DEBUG_INFORMATION_FORMAT = "dwarf-with-dsym";
				DEVELOPMENT_TEAM = X2TBSUCASC;
				ENABLE_NS_ASSERTIONS = NO;
				ENABLE_STRICT_OBJC_MSGSEND = YES;
				ENABLE_USER_SCRIPT_SANDBOXING = YES;
				GCC_C_LANGUAGE_STANDARD = gnu17;
				GCC_NO_COMMON_BLOCKS = YES;
				GCC_WARN_64_TO_32_BIT_CONVERSION = YES;
				GCC_WARN_ABOUT_RETURN_TYPE = YES_ERROR;
				GCC_WARN_UNDECLARED_SELECTOR = YES;
				GCC_WARN_UNINITIALIZED_AUTOS = YES_AGGRESSIVE;
				GCC_WARN_UNUSED_FUNCTION = YES;
				GCC_WARN_UNUSED_VARIABLE = YES;
				IPHONEOS_DEPLOYMENT_TARGET = 17.0;
				LOCALIZATION_PREFERS_STRING_CATALOGS = YES;
				MARKETING_VERSION = 0.0.1;
				MTL_ENABLE_DEBUG_INFO = NO;
				MTL_FAST_MATH = YES;
				SDKROOT = iphoneos;
				SWIFT_ACTIVE_COMPILATION_CONDITIONS = PROD_API;
				SWIFT_COMPILATION_MODE = wholemodule;
				VALIDATE_PRODUCT = YES;
			};
			name = Release;
		};
		93898E712B6E0A990001D68F /* Debug - Local */ = {
			isa = XCBuildConfiguration;
			buildSettings = {
				ASSETCATALOG_COMPILER_APPICON_NAME = AppIcon;
				ASSETCATALOG_COMPILER_GLOBAL_ACCENT_COLOR_NAME = AccentColor;
				CODE_SIGN_ENTITLEMENTS = Cut/Cut.entitlements;
				CODE_SIGN_STYLE = Manual;
				DEVELOPMENT_ASSET_PATHS = "\"Cut/Preview Content\"";
				ENABLE_PREVIEWS = YES;
				GENERATE_INFOPLIST_FILE = YES;
				INFOPLIST_FILE = Cut/Info.plist;
				INFOPLIST_KEY_UIApplicationSceneManifest_Generation = YES;
				INFOPLIST_KEY_UIApplicationSupportsIndirectInputEvents = YES;
				INFOPLIST_KEY_UILaunchScreen_Generation = YES;
				INFOPLIST_KEY_UISupportedInterfaceOrientations_iPad = "UIInterfaceOrientationPortrait UIInterfaceOrientationPortraitUpsideDown UIInterfaceOrientationLandscapeLeft UIInterfaceOrientationLandscapeRight";
				INFOPLIST_KEY_UISupportedInterfaceOrientations_iPhone = "UIInterfaceOrientationPortrait UIInterfaceOrientationLandscapeLeft UIInterfaceOrientationLandscapeRight";
				LD_RUNPATH_SEARCH_PATHS = (
					"$(inherited)",
					"@executable_path/Frameworks",
				);
				PRODUCT_BUNDLE_IDENTIFIER = watch.cut;
				PRODUCT_NAME = "$(TARGET_NAME)";
				PROVISIONING_PROFILE_SPECIFIER = "match Development watch.cut";
				SWIFT_EMIT_LOC_STRINGS = YES;
				SWIFT_VERSION = 5.0;
				TARGETED_DEVICE_FAMILY = "1,2";
			};
			name = "Debug - Local";
		};
		93898E722B6E0A990001D68F /* Release */ = {
			isa = XCBuildConfiguration;
			buildSettings = {
				ASSETCATALOG_COMPILER_APPICON_NAME = AppIcon;
				ASSETCATALOG_COMPILER_GLOBAL_ACCENT_COLOR_NAME = AccentColor;
				CODE_SIGN_ENTITLEMENTS = Cut/Cut.entitlements;
				CODE_SIGN_STYLE = Manual;
				DEVELOPMENT_ASSET_PATHS = "\"Cut/Preview Content\"";
				ENABLE_PREVIEWS = YES;
				GENERATE_INFOPLIST_FILE = YES;
				INFOPLIST_FILE = Cut/Info.plist;
				INFOPLIST_KEY_UIApplicationSceneManifest_Generation = YES;
				INFOPLIST_KEY_UIApplicationSupportsIndirectInputEvents = YES;
				INFOPLIST_KEY_UILaunchScreen_Generation = YES;
				INFOPLIST_KEY_UISupportedInterfaceOrientations_iPad = "UIInterfaceOrientationPortrait UIInterfaceOrientationPortraitUpsideDown UIInterfaceOrientationLandscapeLeft UIInterfaceOrientationLandscapeRight";
				INFOPLIST_KEY_UISupportedInterfaceOrientations_iPhone = "UIInterfaceOrientationPortrait UIInterfaceOrientationLandscapeLeft UIInterfaceOrientationLandscapeRight";
				LD_RUNPATH_SEARCH_PATHS = (
					"$(inherited)",
					"@executable_path/Frameworks",
				);
				PRODUCT_BUNDLE_IDENTIFIER = watch.cut;
				PRODUCT_NAME = "$(TARGET_NAME)";
				PROVISIONING_PROFILE_SPECIFIER = "match AppStore watch.cut";
				SWIFT_EMIT_LOC_STRINGS = YES;
				SWIFT_VERSION = 5.0;
				TARGETED_DEVICE_FAMILY = "1,2";
			};
			name = Release;
		};
		93898E742B6E0A990001D68F /* Debug - Local */ = {
			isa = XCBuildConfiguration;
			buildSettings = {
				ALWAYS_EMBED_SWIFT_STANDARD_LIBRARIES = YES;
				BUNDLE_LOADER = "$(TEST_HOST)";
				CODE_SIGN_STYLE = Automatic;
				DEVELOPMENT_TEAM = X2TBSUCASC;
				GENERATE_INFOPLIST_FILE = YES;
				IPHONEOS_DEPLOYMENT_TARGET = 17.0;
				PRODUCT_BUNDLE_IDENTIFIER = watch.CutTests;
				PRODUCT_NAME = "$(TARGET_NAME)";
				SWIFT_EMIT_LOC_STRINGS = NO;
				SWIFT_VERSION = 5.0;
				TARGETED_DEVICE_FAMILY = "1,2";
				TEST_HOST = "$(BUILT_PRODUCTS_DIR)/Cut.app/$(BUNDLE_EXECUTABLE_FOLDER_PATH)/Cut";
			};
			name = "Debug - Local";
		};
		93898E752B6E0A990001D68F /* Release */ = {
			isa = XCBuildConfiguration;
			buildSettings = {
				ALWAYS_EMBED_SWIFT_STANDARD_LIBRARIES = YES;
				BUNDLE_LOADER = "$(TEST_HOST)";
				CODE_SIGN_STYLE = Automatic;
				DEVELOPMENT_TEAM = X2TBSUCASC;
				GENERATE_INFOPLIST_FILE = YES;
				IPHONEOS_DEPLOYMENT_TARGET = 17.0;
				PRODUCT_BUNDLE_IDENTIFIER = watch.CutTests;
				PRODUCT_NAME = "$(TARGET_NAME)";
				SWIFT_EMIT_LOC_STRINGS = NO;
				SWIFT_VERSION = 5.0;
				TARGETED_DEVICE_FAMILY = "1,2";
				TEST_HOST = "$(BUILT_PRODUCTS_DIR)/Cut.app/$(BUNDLE_EXECUTABLE_FOLDER_PATH)/Cut";
			};
			name = Release;
		};
		93898E772B6E0A990001D68F /* Debug - Local */ = {
			isa = XCBuildConfiguration;
			buildSettings = {
				ALWAYS_EMBED_SWIFT_STANDARD_LIBRARIES = YES;
				CODE_SIGN_STYLE = Automatic;
				DEVELOPMENT_TEAM = X2TBSUCASC;
				GENERATE_INFOPLIST_FILE = YES;
				PRODUCT_BUNDLE_IDENTIFIER = watch.CutUITests;
				PRODUCT_NAME = "$(TARGET_NAME)";
				SWIFT_EMIT_LOC_STRINGS = NO;
				SWIFT_VERSION = 5.0;
				TARGETED_DEVICE_FAMILY = "1,2";
				TEST_TARGET_NAME = Cut;
			};
			name = "Debug - Local";
		};
		93898E782B6E0A990001D68F /* Release */ = {
			isa = XCBuildConfiguration;
			buildSettings = {
				ALWAYS_EMBED_SWIFT_STANDARD_LIBRARIES = YES;
				CODE_SIGN_STYLE = Automatic;
				DEVELOPMENT_TEAM = X2TBSUCASC;
				GENERATE_INFOPLIST_FILE = YES;
				PRODUCT_BUNDLE_IDENTIFIER = watch.CutUITests;
				PRODUCT_NAME = "$(TARGET_NAME)";
				SWIFT_EMIT_LOC_STRINGS = NO;
				SWIFT_VERSION = 5.0;
				TARGETED_DEVICE_FAMILY = "1,2";
				TEST_TARGET_NAME = Cut;
			};
			name = Release;
		};
/* End XCBuildConfiguration section */

/* Begin XCConfigurationList section */
		93898E472B6E0A970001D68F /* Build configuration list for PBXProject "Cut" */ = {
			isa = XCConfigurationList;
			buildConfigurations = (
				93898E6E2B6E0A990001D68F /* Debug - Local */,
				933E5DF02B71B0F300A83602 /* Debug - Prod */,
				93898E6F2B6E0A990001D68F /* Release */,
			);
			defaultConfigurationIsVisible = 0;
			defaultConfigurationName = Release;
		};
		93898E702B6E0A990001D68F /* Build configuration list for PBXNativeTarget "Cut" */ = {
			isa = XCConfigurationList;
			buildConfigurations = (
				93898E712B6E0A990001D68F /* Debug - Local */,
				933E5DF12B71B0F300A83602 /* Debug - Prod */,
				93898E722B6E0A990001D68F /* Release */,
			);
			defaultConfigurationIsVisible = 0;
			defaultConfigurationName = Release;
		};
		93898E732B6E0A990001D68F /* Build configuration list for PBXNativeTarget "CutTests" */ = {
			isa = XCConfigurationList;
			buildConfigurations = (
				93898E742B6E0A990001D68F /* Debug - Local */,
				933E5DF22B71B0F300A83602 /* Debug - Prod */,
				93898E752B6E0A990001D68F /* Release */,
			);
			defaultConfigurationIsVisible = 0;
			defaultConfigurationName = Release;
		};
		93898E762B6E0A990001D68F /* Build configuration list for PBXNativeTarget "CutUITests" */ = {
			isa = XCConfigurationList;
			buildConfigurations = (
				93898E772B6E0A990001D68F /* Debug - Local */,
				933E5DF32B71B0F300A83602 /* Debug - Prod */,
				93898E782B6E0A990001D68F /* Release */,
			);
			defaultConfigurationIsVisible = 0;
			defaultConfigurationName = Release;
		};
/* End XCConfigurationList section */

/* Begin XCRemoteSwiftPackageReference section */
		933A6AA52B70251B004DE491 /* XCRemoteSwiftPackageReference "apollo-ios" */ = {
			isa = XCRemoteSwiftPackageReference;
			repositoryURL = "https://github.com/ky1ejs/apollo-ios";
			requirement = {
				branch = main;
				kind = branch;
			};
		};
		933E5DEC2B707E7500A83602 /* XCRemoteSwiftPackageReference "Kingfisher" */ = {
			isa = XCRemoteSwiftPackageReference;
			repositoryURL = "https://github.com/onevcat/Kingfisher.git";
			requirement = {
				kind = upToNextMajorVersion;
				minimumVersion = 7.10.2;
			};
		};
		933E5DF42B76DF4D00A83602 /* XCRemoteSwiftPackageReference "swift-markdown-ui" */ = {
			isa = XCRemoteSwiftPackageReference;
			repositoryURL = "https://github.com/gonzalezreal/swift-markdown-ui";
			requirement = {
				kind = upToNextMajorVersion;
				minimumVersion = 2.3.0;
			};
		};
		933E5E042B77EEA500A83602 /* XCRemoteSwiftPackageReference "KeychainAccess" */ = {
			isa = XCRemoteSwiftPackageReference;
			repositoryURL = "https://github.com/kishikawakatsumi/KeychainAccess";
			requirement = {
				branch = master;
				kind = branch;
			};
		};
/* End XCRemoteSwiftPackageReference section */

/* Begin XCSwiftPackageProductDependency section */
		933A6AA62B70251B004DE491 /* Apollo */ = {
			isa = XCSwiftPackageProductDependency;
			package = 933A6AA52B70251B004DE491 /* XCRemoteSwiftPackageReference "apollo-ios" */;
			productName = Apollo;
		};
		933E5DED2B707E7500A83602 /* Kingfisher */ = {
			isa = XCSwiftPackageProductDependency;
			package = 933E5DEC2B707E7500A83602 /* XCRemoteSwiftPackageReference "Kingfisher" */;
			productName = Kingfisher;
		};
		933E5DF52B76DF4D00A83602 /* MarkdownUI */ = {
			isa = XCSwiftPackageProductDependency;
			package = 933E5DF42B76DF4D00A83602 /* XCRemoteSwiftPackageReference "swift-markdown-ui" */;
			productName = MarkdownUI;
		};
		933E5E052B77EEA500A83602 /* KeychainAccess */ = {
			isa = XCSwiftPackageProductDependency;
			package = 933E5E042B77EEA500A83602 /* XCRemoteSwiftPackageReference "KeychainAccess" */;
			productName = KeychainAccess;
		};
/* End XCSwiftPackageProductDependency section */
	};
	rootObject = 93898E442B6E0A970001D68F /* Project object */;
}
